// !$*UTF8*$!
{
	archiveVersion = 1;
	classes = {
	};
	objectVersion = 56;
	objects = {

/* Begin PBXBuildFile section */
		963E9B532A8BAD3000633022 /* AppDelegate.swift in Sources */ = {isa = PBXBuildFile; fileRef = 963E9B522A8BAD3000633022 /* AppDelegate.swift */; };
		963E9B552A8BAD3000633022 /* SceneDelegate.swift in Sources */ = {isa = PBXBuildFile; fileRef = 963E9B542A8BAD3000633022 /* SceneDelegate.swift */; };
		963E9B572A8BAD3000633022 /* ViewController.swift in Sources */ = {isa = PBXBuildFile; fileRef = 963E9B562A8BAD3000633022 /* ViewController.swift */; };
		963E9B5A2A8BAD3000633022 /* Main.storyboard in Resources */ = {isa = PBXBuildFile; fileRef = 963E9B582A8BAD3000633022 /* Main.storyboard */; };
		963E9B5C2A8BAD3200633022 /* Assets.xcassets in Resources */ = {isa = PBXBuildFile; fileRef = 963E9B5B2A8BAD3200633022 /* Assets.xcassets */; };
		963E9B5F2A8BAD3200633022 /* LaunchScreen.storyboard in Resources */ = {isa = PBXBuildFile; fileRef = 963E9B5D2A8BAD3200633022 /* LaunchScreen.storyboard */; };
		963E9B6A2A8BAD3200633022 /* TDD_practiceTests.swift in Sources */ = {isa = PBXBuildFile; fileRef = 963E9B692A8BAD3200633022 /* TDD_practiceTests.swift */; };
		963E9B742A8BAD3200633022 /* TDD_practiceUITests.swift in Sources */ = {isa = PBXBuildFile; fileRef = 963E9B732A8BAD3200633022 /* TDD_practiceUITests.swift */; };
		963E9B762A8BAD3200633022 /* TDD_practiceUITestsLaunchTests.swift in Sources */ = {isa = PBXBuildFile; fileRef = 963E9B752A8BAD3200633022 /* TDD_practiceUITestsLaunchTests.swift */; };
		963E9B832A8BAD9E00633022 /* SignupValidatorClass.swift in Sources */ = {isa = PBXBuildFile; fileRef = 963E9B822A8BAD9E00633022 /* SignupValidatorClass.swift */; };
/* End PBXBuildFile section */

/* Begin PBXContainerItemProxy section */
		963E9B662A8BAD3200633022 /* PBXContainerItemProxy */ = {
			isa = PBXContainerItemProxy;
			containerPortal = 963E9B472A8BAD3000633022 /* Project object */;
			proxyType = 1;
			remoteGlobalIDString = 963E9B4E2A8BAD3000633022;
			remoteInfo = TDD_practice;
		};
		963E9B702A8BAD3200633022 /* PBXContainerItemProxy */ = {
			isa = PBXContainerItemProxy;
			containerPortal = 963E9B472A8BAD3000633022 /* Project object */;
			proxyType = 1;
			remoteGlobalIDString = 963E9B4E2A8BAD3000633022;
			remoteInfo = TDD_practice;
		};
/* End PBXContainerItemProxy section */

/* Begin PBXFileReference section */
		963E9B4F2A8BAD3000633022 /* TDD_practice.app */ = {isa = PBXFileReference; explicitFileType = wrapper.application; includeInIndex = 0; path = TDD_practice.app; sourceTree = BUILT_PRODUCTS_DIR; };
		963E9B522A8BAD3000633022 /* AppDelegate.swift */ = {isa = PBXFileReference; lastKnownFileType = sourcecode.swift; path = AppDelegate.swift; sourceTree = "<group>"; };
		963E9B542A8BAD3000633022 /* SceneDelegate.swift */ = {isa = PBXFileReference; lastKnownFileType = sourcecode.swift; path = SceneDelegate.swift; sourceTree = "<group>"; };
		963E9B562A8BAD3000633022 /* ViewController.swift */ = {isa = PBXFileReference; lastKnownFileType = sourcecode.swift; path = ViewController.swift; sourceTree = "<group>"; };
		963E9B592A8BAD3000633022 /* Base */ = {isa = PBXFileReference; lastKnownFileType = file.storyboard; name = Base; path = Base.lproj/Main.storyboard; sourceTree = "<group>"; };
		963E9B5B2A8BAD3200633022 /* Assets.xcassets */ = {isa = PBXFileReference; lastKnownFileType = folder.assetcatalog; path = Assets.xcassets; sourceTree = "<group>"; };
		963E9B5E2A8BAD3200633022 /* Base */ = {isa = PBXFileReference; lastKnownFileType = file.storyboard; name = Base; path = Base.lproj/LaunchScreen.storyboard; sourceTree = "<group>"; };
		963E9B602A8BAD3200633022 /* Info.plist */ = {isa = PBXFileReference; lastKnownFileType = text.plist.xml; path = Info.plist; sourceTree = "<group>"; };
		963E9B652A8BAD3200633022 /* TDD_practiceTests.xctest */ = {isa = PBXFileReference; explicitFileType = wrapper.cfbundle; includeInIndex = 0; path = TDD_practiceTests.xctest; sourceTree = BUILT_PRODUCTS_DIR; };
		963E9B692A8BAD3200633022 /* TDD_practiceTests.swift */ = {isa = PBXFileReference; lastKnownFileType = sourcecode.swift; path = TDD_practiceTests.swift; sourceTree = "<group>"; };
		963E9B6F2A8BAD3200633022 /* TDD_practiceUITests.xctest */ = {isa = PBXFileReference; explicitFileType = wrapper.cfbundle; includeInIndex = 0; path = TDD_practiceUITests.xctest; sourceTree = BUILT_PRODUCTS_DIR; };
		963E9B732A8BAD3200633022 /* TDD_practiceUITests.swift */ = {isa = PBXFileReference; lastKnownFileType = sourcecode.swift; path = TDD_practiceUITests.swift; sourceTree = "<group>"; };
		963E9B752A8BAD3200633022 /* TDD_practiceUITestsLaunchTests.swift */ = {isa = PBXFileReference; lastKnownFileType = sourcecode.swift; path = TDD_practiceUITestsLaunchTests.swift; sourceTree = "<group>"; };
		963E9B822A8BAD9E00633022 /* SignupValidatorClass.swift */ = {isa = PBXFileReference; lastKnownFileType = sourcecode.swift; path = SignupValidatorClass.swift; sourceTree = "<group>"; };
/* End PBXFileReference section */

/* Begin PBXFrameworksBuildPhase section */
		963E9B4C2A8BAD3000633022 /* Frameworks */ = {
			isa = PBXFrameworksBuildPhase;
			buildActionMask = 2147483647;
			files = (
			);
			runOnlyForDeploymentPostprocessing = 0;
		};
		963E9B622A8BAD3200633022 /* Frameworks */ = {
			isa = PBXFrameworksBuildPhase;
			buildActionMask = 2147483647;
			files = (
			);
			runOnlyForDeploymentPostprocessing = 0;
		};
		963E9B6C2A8BAD3200633022 /* Frameworks */ = {
			isa = PBXFrameworksBuildPhase;
			buildActionMask = 2147483647;
			files = (
			);
			runOnlyForDeploymentPostprocessing = 0;
		};
/* End PBXFrameworksBuildPhase section */

/* Begin PBXGroup section */
		963E9B462A8BAD3000633022 = {
			isa = PBXGroup;
			children = (
				963E9B512A8BAD3000633022 /* TDD_practice */,
				963E9B682A8BAD3200633022 /* TDD_practiceTests */,
				963E9B722A8BAD3200633022 /* TDD_practiceUITests */,
				963E9B502A8BAD3000633022 /* Products */,
			);
			sourceTree = "<group>";
		};
		963E9B502A8BAD3000633022 /* Products */ = {
			isa = PBXGroup;
			children = (
				963E9B4F2A8BAD3000633022 /* TDD_practice.app */,
				963E9B652A8BAD3200633022 /* TDD_practiceTests.xctest */,
				963E9B6F2A8BAD3200633022 /* TDD_practiceUITests.xctest */,
			);
			name = Products;
			sourceTree = "<group>";
		};
		963E9B512A8BAD3000633022 /* TDD_practice */ = {
			isa = PBXGroup;
			children = (
				963E9B522A8BAD3000633022 /* AppDelegate.swift */,
				963E9B542A8BAD3000633022 /* SceneDelegate.swift */,
				963E9B562A8BAD3000633022 /* ViewController.swift */,
				963E9B582A8BAD3000633022 /* Main.storyboard */,
				963E9B5B2A8BAD3200633022 /* Assets.xcassets */,
				963E9B5D2A8BAD3200633022 /* LaunchScreen.storyboard */,
				963E9B602A8BAD3200633022 /* Info.plist */,
				963E9B822A8BAD9E00633022 /* SignupValidatorClass.swift */,
			);
			path = TDD_practice;
			sourceTree = "<group>";
		};
		963E9B682A8BAD3200633022 /* TDD_practiceTests */ = {
			isa = PBXGroup;
			children = (
				963E9B692A8BAD3200633022 /* TDD_practiceTests.swift */,
			);
			path = TDD_practiceTests;
			sourceTree = "<group>";
		};
		963E9B722A8BAD3200633022 /* TDD_practiceUITests */ = {
			isa = PBXGroup;
			children = (
				963E9B732A8BAD3200633022 /* TDD_practiceUITests.swift */,
				963E9B752A8BAD3200633022 /* TDD_practiceUITestsLaunchTests.swift */,
			);
			path = TDD_practiceUITests;
			sourceTree = "<group>";
		};
/* End PBXGroup section */

/* Begin PBXNativeTarget section */
		963E9B4E2A8BAD3000633022 /* TDD_practice */ = {
			isa = PBXNativeTarget;
			buildConfigurationList = 963E9B792A8BAD3200633022 /* Build configuration list for PBXNativeTarget "TDD_practice" */;
			buildPhases = (
				963E9B4B2A8BAD3000633022 /* Sources */,
				963E9B4C2A8BAD3000633022 /* Frameworks */,
				963E9B4D2A8BAD3000633022 /* Resources */,
			);
			buildRules = (
			);
			dependencies = (
			);
			name = TDD_practice;
			productName = TDD_practice;
			productReference = 963E9B4F2A8BAD3000633022 /* TDD_practice.app */;
			productType = "com.apple.product-type.application";
		};
		963E9B642A8BAD3200633022 /* TDD_practiceTests */ = {
			isa = PBXNativeTarget;
			buildConfigurationList = 963E9B7C2A8BAD3200633022 /* Build configuration list for PBXNativeTarget "TDD_practiceTests" */;
			buildPhases = (
				963E9B612A8BAD3200633022 /* Sources */,
				963E9B622A8BAD3200633022 /* Frameworks */,
				963E9B632A8BAD3200633022 /* Resources */,
			);
			buildRules = (
			);
			dependencies = (
				963E9B672A8BAD3200633022 /* PBXTargetDependency */,
			);
			name = TDD_practiceTests;
			productName = TDD_practiceTests;
			productReference = 963E9B652A8BAD3200633022 /* TDD_practiceTests.xctest */;
			productType = "com.apple.product-type.bundle.unit-test";
		};
		963E9B6E2A8BAD3200633022 /* TDD_practiceUITests */ = {
			isa = PBXNativeTarget;
			buildConfigurationList = 963E9B7F2A8BAD3200633022 /* Build configuration list for PBXNativeTarget "TDD_practiceUITests" */;
			buildPhases = (
				963E9B6B2A8BAD3200633022 /* Sources */,
				963E9B6C2A8BAD3200633022 /* Frameworks */,
				963E9B6D2A8BAD3200633022 /* Resources */,
			);
			buildRules = (
			);
			dependencies = (
				963E9B712A8BAD3200633022 /* PBXTargetDependency */,
			);
			name = TDD_practiceUITests;
			productName = TDD_practiceUITests;
			productReference = 963E9B6F2A8BAD3200633022 /* TDD_practiceUITests.xctest */;
			productType = "com.apple.product-type.bundle.ui-testing";
		};
/* End PBXNativeTarget section */

/* Begin PBXProject section */
		963E9B472A8BAD3000633022 /* Project object */ = {
			isa = PBXProject;
			attributes = {
				BuildIndependentTargetsInParallel = 1;
				LastSwiftUpdateCheck = 1400;
				LastUpgradeCheck = 1400;
				TargetAttributes = {
					963E9B4E2A8BAD3000633022 = {
						CreatedOnToolsVersion = 14.0.1;
					};
					963E9B642A8BAD3200633022 = {
						CreatedOnToolsVersion = 14.0.1;
						TestTargetID = 963E9B4E2A8BAD3000633022;
					};
					963E9B6E2A8BAD3200633022 = {
						CreatedOnToolsVersion = 14.0.1;
						TestTargetID = 963E9B4E2A8BAD3000633022;
					};
				};
			};
			buildConfigurationList = 963E9B4A2A8BAD3000633022 /* Build configuration list for PBXProject "TDD_practice" */;
			compatibilityVersion = "Xcode 14.0";
			developmentRegion = en;
			hasScannedForEncodings = 0;
			knownRegions = (
				en,
				Base,
			);
			mainGroup = 963E9B462A8BAD3000633022;
			productRefGroup = 963E9B502A8BAD3000633022 /* Products */;
			projectDirPath = "";
			projectRoot = "";
			targets = (
				963E9B4E2A8BAD3000633022 /* TDD_practice */,
				963E9B642A8BAD3200633022 /* TDD_practiceTests */,
				963E9B6E2A8BAD3200633022 /* TDD_practiceUITests */,
			);
		};
/* End PBXProject section */

/* Begin PBXResourcesBuildPhase section */
		963E9B4D2A8BAD3000633022 /* Resources */ = {
			isa = PBXResourcesBuildPhase;
			buildActionMask = 2147483647;
			files = (
				963E9B5F2A8BAD3200633022 /* LaunchScreen.storyboard in Resources */,
				963E9B5C2A8BAD3200633022 /* Assets.xcassets in Resources */,
				963E9B5A2A8BAD3000633022 /* Main.storyboard in Resources */,
			);
			runOnlyForDeploymentPostprocessing = 0;
		};
		963E9B632A8BAD3200633022 /* Resources */ = {
			isa = PBXResourcesBuildPhase;
			buildActionMask = 2147483647;
			files = (
			);
			runOnlyForDeploymentPostprocessing = 0;
		};
		963E9B6D2A8BAD3200633022 /* Resources */ = {
			isa = PBXResourcesBuildPhase;
			buildActionMask = 2147483647;
			files = (
			);
			runOnlyForDeploymentPostprocessing = 0;
		};
/* End PBXResourcesBuildPhase section */

/* Begin PBXSourcesBuildPhase section */
		963E9B4B2A8BAD3000633022 /* Sources */ = {
			isa = PBXSourcesBuildPhase;
			buildActionMask = 2147483647;
			files = (
				963E9B572A8BAD3000633022 /* ViewController.swift in Sources */,
				963E9B532A8BAD3000633022 /* AppDelegate.swift in Sources */,
				963E9B552A8BAD3000633022 /* SceneDelegate.swift in Sources */,
				963E9B832A8BAD9E00633022 /* SignupValidatorClass.swift in Sources */,
			);
			runOnlyForDeploymentPostprocessing = 0;
		};
		963E9B612A8BAD3200633022 /* Sources */ = {
			isa = PBXSourcesBuildPhase;
			buildActionMask = 2147483647;
			files = (
				963E9B6A2A8BAD3200633022 /* TDD_practiceTests.swift in Sources */,
			);
			runOnlyForDeploymentPostprocessing = 0;
		};
		963E9B6B2A8BAD3200633022 /* Sources */ = {
			isa = PBXSourcesBuildPhase;
			buildActionMask = 2147483647;
			files = (
				963E9B762A8BAD3200633022 /* TDD_practiceUITestsLaunchTests.swift in Sources */,
				963E9B742A8BAD3200633022 /* TDD_practiceUITests.swift in Sources */,
			);
			runOnlyForDeploymentPostprocessing = 0;
		};
/* End PBXSourcesBuildPhase section */

/* Begin PBXTargetDependency section */
		963E9B672A8BAD3200633022 /* PBXTargetDependency */ = {
			isa = PBXTargetDependency;
			target = 963E9B4E2A8BAD3000633022 /* TDD_practice */;
			targetProxy = 963E9B662A8BAD3200633022 /* PBXContainerItemProxy */;
		};
		963E9B712A8BAD3200633022 /* PBXTargetDependency */ = {
			isa = PBXTargetDependency;
			target = 963E9B4E2A8BAD3000633022 /* TDD_practice */;
			targetProxy = 963E9B702A8BAD3200633022 /* PBXContainerItemProxy */;
		};
/* End PBXTargetDependency section */

/* Begin PBXVariantGroup section */
		963E9B582A8BAD3000633022 /* Main.storyboard */ = {
			isa = PBXVariantGroup;
			children = (
				963E9B592A8BAD3000633022 /* Base */,
			);
			name = Main.storyboard;
			sourceTree = "<group>";
		};
		963E9B5D2A8BAD3200633022 /* LaunchScreen.storyboard */ = {
			isa = PBXVariantGroup;
			children = (
				963E9B5E2A8BAD3200633022 /* Base */,
			);
			name = LaunchScreen.storyboard;
			sourceTree = "<group>";
		};
/* End PBXVariantGroup section */

/* Begin XCBuildConfiguration section */
		963E9B772A8BAD3200633022 /* Debug */ = {
			isa = XCBuildConfiguration;
			buildSettings = {
				ALWAYS_SEARCH_USER_PATHS = NO;
				CLANG_ANALYZER_NONNULL = YES;
				CLANG_ANALYZER_NUMBER_OBJECT_CONVERSION = YES_AGGRESSIVE;
				CLANG_CXX_LANGUAGE_STANDARD = "gnu++20";
				CLANG_ENABLE_MODULES = YES;
				CLANG_ENABLE_OBJC_ARC = YES;
				CLANG_ENABLE_OBJC_WEAK = YES;
				CLANG_WARN_BLOCK_CAPTURE_AUTORELEASING = YES;
				CLANG_WARN_BOOL_CONVERSION = YES;
				CLANG_WARN_COMMA = YES;
				CLANG_WARN_CONSTANT_CONVERSION = YES;
				CLANG_WARN_DEPRECATED_OBJC_IMPLEMENTATIONS = YES;
				CLANG_WARN_DIRECT_OBJC_ISA_USAGE = YES_ERROR;
				CLANG_WARN_DOCUMENTATION_COMMENTS = YES;
				CLANG_WARN_EMPTY_BODY = YES;
				CLANG_WARN_ENUM_CONVERSION = YES;
				CLANG_WARN_INFINITE_RECURSION = YES;
				CLANG_WARN_INT_CONVERSION = YES;
				CLANG_WARN_NON_LITERAL_NULL_CONVERSION = YES;
				CLANG_WARN_OBJC_IMPLICIT_RETAIN_SELF = YES;
				CLANG_WARN_OBJC_LITERAL_CONVERSION = YES;
				CLANG_WARN_OBJC_ROOT_CLASS = YES_ERROR;
				CLANG_WARN_QUOTED_INCLUDE_IN_FRAMEWORK_HEADER = YES;
				CLANG_WARN_RANGE_LOOP_ANALYSIS = YES;
				CLANG_WARN_STRICT_PROTOTYPES = YES;
				CLANG_WARN_SUSPICIOUS_MOVE = YES;
				CLANG_WARN_UNGUARDED_AVAILABILITY = YES_AGGRESSIVE;
				CLANG_WARN_UNREACHABLE_CODE = YES;
				CLANG_WARN__DUPLICATE_METHOD_MATCH = YES;
				COPY_PHASE_STRIP = NO;
				DEBUG_INFORMATION_FORMAT = dwarf;
				ENABLE_STRICT_OBJC_MSGSEND = YES;
				ENABLE_TESTABILITY = YES;
				GCC_C_LANGUAGE_STANDARD = gnu11;
				GCC_DYNAMIC_NO_PIC = NO;
				GCC_NO_COMMON_BLOCKS = YES;
				GCC_OPTIMIZATION_LEVEL = 0;
				GCC_PREPROCESSOR_DEFINITIONS = (
					"DEBUG=1",
					"$(inherited)",
				);
				GCC_WARN_64_TO_32_BIT_CONVERSION = YES;
				GCC_WARN_ABOUT_RETURN_TYPE = YES_ERROR;
				GCC_WARN_UNDECLARED_SELECTOR = YES;
				GCC_WARN_UNINITIALIZED_AUTOS = YES_AGGRESSIVE;
				GCC_WARN_UNUSED_FUNCTION = YES;
				GCC_WARN_UNUSED_VARIABLE = YES;
				IPHONEOS_DEPLOYMENT_TARGET = 16.0;
				MTL_ENABLE_DEBUG_INFO = INCLUDE_SOURCE;
				MTL_FAST_MATH = YES;
				ONLY_ACTIVE_ARCH = YES;
				SDKROOT = iphoneos;
				SWIFT_ACTIVE_COMPILATION_CONDITIONS = DEBUG;
				SWIFT_OPTIMIZATION_LEVEL = "-Onone";
			};
			name = Debug;
		};
		963E9B782A8BAD3200633022 /* Release */ = {
			isa = XCBuildConfiguration;
			buildSettings = {
				ALWAYS_SEARCH_USER_PATHS = NO;
				CLANG_ANALYZER_NONNULL = YES;
				CLANG_ANALYZER_NUMBER_OBJECT_CONVERSION = YES_AGGRESSIVE;
				CLANG_CXX_LANGUAGE_STANDARD = "gnu++20";
				CLANG_ENABLE_MODULES = YES;
				CLANG_ENABLE_OBJC_ARC = YES;
				CLANG_ENABLE_OBJC_WEAK = YES;
				CLANG_WARN_BLOCK_CAPTURE_AUTORELEASING = YES;
				CLANG_WARN_BOOL_CONVERSION = YES;
				CLANG_WARN_COMMA = YES;
				CLANG_WARN_CONSTANT_CONVERSION = YES;
				CLANG_WARN_DEPRECATED_OBJC_IMPLEMENTATIONS = YES;
				CLANG_WARN_DIRECT_OBJC_ISA_USAGE = YES_ERROR;
				CLANG_WARN_DOCUMENTATION_COMMENTS = YES;
				CLANG_WARN_EMPTY_BODY = YES;
				CLANG_WARN_ENUM_CONVERSION = YES;
				CLANG_WARN_INFINITE_RECURSION = YES;
				CLANG_WARN_INT_CONVERSION = YES;
				CLANG_WARN_NON_LITERAL_NULL_CONVERSION = YES;
				CLANG_WARN_OBJC_IMPLICIT_RETAIN_SELF = YES;
				CLANG_WARN_OBJC_LITERAL_CONVERSION = YES;
				CLANG_WARN_OBJC_ROOT_CLASS = YES_ERROR;
				CLANG_WARN_QUOTED_INCLUDE_IN_FRAMEWORK_HEADER = YES;
				CLANG_WARN_RANGE_LOOP_ANALYSIS = YES;
				CLANG_WARN_STRICT_PROTOTYPES = YES;
				CLANG_WARN_SUSPICIOUS_MOVE = YES;
				CLANG_WARN_UNGUARDED_AVAILABILITY = YES_AGGRESSIVE;
				CLANG_WARN_UNREACHABLE_CODE = YES;
				CLANG_WARN__DUPLICATE_METHOD_MATCH = YES;
				COPY_PHASE_STRIP = NO;
				DEBUG_INFORMATION_FORMAT = "dwarf-with-dsym";
				ENABLE_NS_ASSERTIONS = NO;
				ENABLE_STRICT_OBJC_MSGSEND = YES;
				GCC_C_LANGUAGE_STANDARD = gnu11;
				GCC_NO_COMMON_BLOCKS = YES;
				GCC_WARN_64_TO_32_BIT_CONVERSION = YES;
				GCC_WARN_ABOUT_RETURN_TYPE = YES_ERROR;
				GCC_WARN_UNDECLARED_SELECTOR = YES;
				GCC_WARN_UNINITIALIZED_AUTOS = YES_AGGRESSIVE;
				GCC_WARN_UNUSED_FUNCTION = YES;
				GCC_WARN_UNUSED_VARIABLE = YES;
				IPHONEOS_DEPLOYMENT_TARGET = 16.0;
				MTL_ENABLE_DEBUG_INFO = NO;
				MTL_FAST_MATH = YES;
				SDKROOT = iphoneos;
				SWIFT_COMPILATION_MODE = wholemodule;
				SWIFT_OPTIMIZATION_LEVEL = "-O";
				VALIDATE_PRODUCT = YES;
			};
			name = Release;
		};
		963E9B7A2A8BAD3200633022 /* Debug */ = {
			isa = XCBuildConfiguration;
			buildSettings = {
				ASSETCATALOG_COMPILER_APPICON_NAME = AppIcon;
				ASSETCATALOG_COMPILER_GLOBAL_ACCENT_COLOR_NAME = AccentColor;
				CODE_SIGN_STYLE = Automatic;
				CURRENT_PROJECT_VERSION = 1;
				DEVELOPMENT_TEAM = GBGKW236FG;
				GENERATE_INFOPLIST_FILE = YES;
				INFOPLIST_FILE = TDD_practice/Info.plist;
				INFOPLIST_KEY_UIApplicationSupportsIndirectInputEvents = YES;
				INFOPLIST_KEY_UILaunchStoryboardName = LaunchScreen;
				INFOPLIST_KEY_UIMainStoryboardFile = Main;
				INFOPLIST_KEY_UISupportedInterfaceOrientations_iPad = "UIInterfaceOrientationPortrait UIInterfaceOrientationPortraitUpsideDown UIInterfaceOrientationLandscapeLeft UIInterfaceOrientationLandscapeRight";
				INFOPLIST_KEY_UISupportedInterfaceOrientations_iPhone = "UIInterfaceOrientationPortrait UIInterfaceOrientationLandscapeLeft UIInterfaceOrientationLandscapeRight";
				LD_RUNPATH_SEARCH_PATHS = (
					"$(inherited)",
					"@executable_path/Frameworks",
				);
				MARKETING_VERSION = 1.0;
				PRODUCT_BUNDLE_IDENTIFIER = "com.faiazRahman.TDD-practice";
				PRODUCT_NAME = "$(TARGET_NAME)";
				SWIFT_EMIT_LOC_STRINGS = YES;
				SWIFT_VERSION = 5.0;
				TARGETED_DEVICE_FAMILY = "1,2";
			};
			name = Debug;
		};
		963E9B7B2A8BAD3200633022 /* Release */ = {
			isa = XCBuildConfiguration;
			buildSettings = {
				ASSETCATALOG_COMPILER_APPICON_NAME = AppIcon;
				ASSETCATALOG_COMPILER_GLOBAL_ACCENT_COLOR_NAME = AccentColor;
				CODE_SIGN_STYLE = Automatic;
				CURRENT_PROJECT_VERSION = 1;
				DEVELOPMENT_TEAM = GBGKW236FG;
				GENERATE_INFOPLIST_FILE = YES;
				INFOPLIST_FILE = TDD_practice/Info.plist;
				INFOPLIST_KEY_UIApplicationSupportsIndirectInputEvents = YES;
				INFOPLIST_KEY_UILaunchStoryboardName = LaunchScreen;
				INFOPLIST_KEY_UIMainStoryboardFile = Main;
				INFOPLIST_KEY_UISupportedInterfaceOrientations_iPad = "UIInterfaceOrientationPortrait UIInterfaceOrientationPortraitUpsideDown UIInterfaceOrientationLandscapeLeft UIInterfaceOrientationLandscapeRight";
				INFOPLIST_KEY_UISupportedInterfaceOrientations_iPhone = "UIInterfaceOrientationPortrait UIInterfaceOrientationLandscapeLeft UIInterfaceOrientationLandscapeRight";
				LD_RUNPATH_SEARCH_PATHS = (
					"$(inherited)",
					"@executable_path/Frameworks",
				);
				MARKETING_VERSION = 1.0;
				PRODUCT_BUNDLE_IDENTIFIER = "com.faiazRahman.TDD-practice";
				PRODUCT_NAME = "$(TARGET_NAME)";
				SWIFT_EMIT_LOC_STRINGS = YES;
				SWIFT_VERSION = 5.0;
				TARGETED_DEVICE_FAMILY = "1,2";
			};
			name = Release;
		};
		963E9B7D2A8BAD3200633022 /* Debug */ = {
			isa = XCBuildConfiguration;
			buildSettings = {
				ALWAYS_EMBED_SWIFT_STANDARD_LIBRARIES = YES;
				BUNDLE_LOADER = "$(TEST_HOST)";
				CODE_SIGN_STYLE = Automatic;
				CURRENT_PROJECT_VERSION = 1;
				DEVELOPMENT_TEAM = GBGKW236FG;
				GENERATE_INFOPLIST_FILE = YES;
				IPHONEOS_DEPLOYMENT_TARGET = 16.0;
				MARKETING_VERSION = 1.0;
				PRODUCT_BUNDLE_IDENTIFIER = "com.faiazRahman.TDD-practiceTests";
				PRODUCT_NAME = "$(TARGET_NAME)";
				SWIFT_EMIT_LOC_STRINGS = NO;
				SWIFT_VERSION = 5.0;
				TARGETED_DEVICE_FAMILY = "1,2";
				TEST_HOST = "$(BUILT_PRODUCTS_DIR)/TDD_practice.app/$(BUNDLE_EXECUTABLE_FOLDER_PATH)/TDD_practice";
			};
			name = Debug;
		};
		963E9B7E2A8BAD3200633022 /* Release */ = {
			isa = XCBuildConfiguration;
			buildSettings = {
				ALWAYS_EMBED_SWIFT_STANDARD_LIBRARIES = YES;
				BUNDLE_LOADER = "$(TEST_HOST)";
				CODE_SIGN_STYLE = Automatic;
				CURRENT_PROJECT_VERSION = 1;
				DEVELOPMENT_TEAM = GBGKW236FG;
				GENERATE_INFOPLIST_FILE = YES;
				IPHONEOS_DEPLOYMENT_TARGET = 16.0;
				MARKETING_VERSION = 1.0;
				PRODUCT_BUNDLE_IDENTIFIER = "com.faiazRahman.TDD-practiceTests";
				PRODUCT_NAME = "$(TARGET_NAME)";
				SWIFT_EMIT_LOC_STRINGS = NO;
				SWIFT_VERSION = 5.0;
				TARGETED_DEVICE_FAMILY = "1,2";
				TEST_HOST = "$(BUILT_PRODUCTS_DIR)/TDD_practice.app/$(BUNDLE_EXECUTABLE_FOLDER_PATH)/TDD_practice";
			};
			name = Release;
		};
		963E9B802A8BAD3200633022 /* Debug */ = {
			isa = XCBuildConfiguration;
			buildSettings = {
				ALWAYS_EMBED_SWIFT_STANDARD_LIBRARIES = YES;
				CODE_SIGN_STYLE = Automatic;
				CURRENT_PROJECT_VERSION = 1;
				DEVELOPMENT_TEAM = GBGKW236FG;
				GENERATE_INFOPLIST_FILE = YES;
				MARKETING_VERSION = 1.0;
				PRODUCT_BUNDLE_IDENTIFIER = "com.faiazRahman.TDD-practiceUITests";
				PRODUCT_NAME = "$(TARGET_NAME)";
				SWIFT_EMIT_LOC_STRINGS = NO;
				SWIFT_VERSION = 5.0;
				TARGETED_DEVICE_FAMILY = "1,2";
				TEST_TARGET_NAME = TDD_practice;
			};
			name = Debug;
		};
		963E9B812A8BAD3200633022 /* Release */ = {
			isa = XCBuildConfiguration;
			buildSettings = {
				ALWAYS_EMBED_SWIFT_STANDARD_LIBRARIES = YES;
				CODE_SIGN_STYLE = Automatic;
				CURRENT_PROJECT_VERSION = 1;
				DEVELOPMENT_TEAM = GBGKW236FG;
				GENERATE_INFOPLIST_FILE = YES;
				MARKETING_VERSION = 1.0;
				PRODUCT_BUNDLE_IDENTIFIER = "com.faiazRahman.TDD-practiceUITests";
				PRODUCT_NAME = "$(TARGET_NAME)";
				SWIFT_EMIT_LOC_STRINGS = NO;
				SWIFT_VERSION = 5.0;
				TARGETED_DEVICE_FAMILY = "1,2";
				TEST_TARGET_NAME = TDD_practice;
			};
			name = Release;
		};
/* End XCBuildConfiguration section */

/* Begin XCConfigurationList section */
		963E9B4A2A8BAD3000633022 /* Build configuration list for PBXProject "TDD_practice" */ = {
			isa = XCConfigurationList;
			buildConfigurations = (
				963E9B772A8BAD3200633022 /* Debug */,
				963E9B782A8BAD3200633022 /* Release */,
			);
			defaultConfigurationIsVisible = 0;
			defaultConfigurationName = Release;
		};
		963E9B792A8BAD3200633022 /* Build configuration list for PBXNativeTarget "TDD_practice" */ = {
			isa = XCConfigurationList;
			buildConfigurations = (
				963E9B7A2A8BAD3200633022 /* Debug */,
				963E9B7B2A8BAD3200633022 /* Release */,
			);
			defaultConfigurationIsVisible = 0;
			defaultConfigurationName = Release;
		};
		963E9B7C2A8BAD3200633022 /* Build configuration list for PBXNativeTarget "TDD_practiceTests" */ = {
			isa = XCConfigurationList;
			buildConfigurations = (
				963E9B7D2A8BAD3200633022 /* Debug */,
				963E9B7E2A8BAD3200633022 /* Release */,
			);
			defaultConfigurationIsVisible = 0;
			defaultConfigurationName = Release;
		};
		963E9B7F2A8BAD3200633022 /* Build configuration list for PBXNativeTarget "TDD_practiceUITests" */ = {
			isa = XCConfigurationList;
			buildConfigurations = (
				963E9B802A8BAD3200633022 /* Debug */,
				963E9B812A8BAD3200633022 /* Release */,
			);
			defaultConfigurationIsVisible = 0;
			defaultConfigurationName = Release;
		};
/* End XCConfigurationList section */
	};
	rootObject = 963E9B472A8BAD3000633022 /* Project object */;
}
