// !$*UTF8*$!
{
	archiveVersion = 1;
	classes = {
	};
	objectVersion = 56;
	objects = {

/* Begin PBXBuildFile section */
		89819F0B2A0BAAFE00B92466 /* GoodStoreApp.swift in Sources */ = {isa = PBXBuildFile; fileRef = 89819F0A2A0BAAFE00B92466 /* GoodStoreApp.swift */; };
		89819F0D2A0BAAFE00B92466 /* ContentView.swift in Sources */ = {isa = PBXBuildFile; fileRef = 89819F0C2A0BAAFE00B92466 /* ContentView.swift */; };
		89819F0F2A0BAAFF00B92466 /* Assets.xcassets in Resources */ = {isa = PBXBuildFile; fileRef = 89819F0E2A0BAAFF00B92466 /* Assets.xcassets */; };
		89819F122A0BAAFF00B92466 /* Preview Assets.xcassets in Resources */ = {isa = PBXBuildFile; fileRef = 89819F112A0BAAFF00B92466 /* Preview Assets.xcassets */; };
		89819F352A0BADD300B92466 /* ItemListing.swift in Sources */ = {isa = PBXBuildFile; fileRef = 89819F342A0BADD300B92466 /* ItemListing.swift */; };
		89819F382A0BAF1800B92466 /* ItemListViewModel.swift in Sources */ = {isa = PBXBuildFile; fileRef = 89819F372A0BAF1800B92466 /* ItemListViewModel.swift */; };
/* End PBXBuildFile section */

/* Begin PBXFileReference section */
		89819F072A0BAAFE00B92466 /* GoodStore.app */ = {isa = PBXFileReference; explicitFileType = wrapper.application; includeInIndex = 0; path = GoodStore.app; sourceTree = BUILT_PRODUCTS_DIR; };
		89819F0A2A0BAAFE00B92466 /* GoodStoreApp.swift */ = {isa = PBXFileReference; lastKnownFileType = sourcecode.swift; path = GoodStoreApp.swift; sourceTree = "<group>"; };
		89819F0C2A0BAAFE00B92466 /* ContentView.swift */ = {isa = PBXFileReference; lastKnownFileType = sourcecode.swift; path = ContentView.swift; sourceTree = "<group>"; };
		89819F0E2A0BAAFF00B92466 /* Assets.xcassets */ = {isa = PBXFileReference; lastKnownFileType = folder.assetcatalog; path = Assets.xcassets; sourceTree = "<group>"; };
		89819F112A0BAAFF00B92466 /* Preview Assets.xcassets */ = {isa = PBXFileReference; lastKnownFileType = folder.assetcatalog; path = "Preview Assets.xcassets"; sourceTree = "<group>"; };
		89819F182A0BAB6100B92466 /* GoodStore.entitlements */ = {isa = PBXFileReference; lastKnownFileType = text.plist.entitlements; path = GoodStore.entitlements; sourceTree = "<group>"; };
		89819F342A0BADD300B92466 /* ItemListing.swift */ = {isa = PBXFileReference; lastKnownFileType = sourcecode.swift; path = ItemListing.swift; sourceTree = "<group>"; };
		89819F372A0BAF1800B92466 /* ItemListViewModel.swift */ = {isa = PBXFileReference; lastKnownFileType = sourcecode.swift; path = ItemListViewModel.swift; sourceTree = "<group>"; };
/* End PBXFileReference section */

/* Begin PBXFrameworksBuildPhase section */
		89819F042A0BAAFE00B92466 /* Frameworks */ = {
			isa = PBXFrameworksBuildPhase;
			buildActionMask = 2147483647;
			files = (
			);
			runOnlyForDeploymentPostprocessing = 0;
		};
/* End PBXFrameworksBuildPhase section */

/* Begin PBXGroup section */
		89819EFE2A0BAAFE00B92466 = {
			isa = PBXGroup;
			children = (
				89819F092A0BAAFE00B92466 /* GoodStore */,
				89819F082A0BAAFE00B92466 /* Products */,
			);
			sourceTree = "<group>";
		};
		89819F082A0BAAFE00B92466 /* Products */ = {
			isa = PBXGroup;
			children = (
				89819F072A0BAAFE00B92466 /* GoodStore.app */,
			);
			name = Products;
			sourceTree = "<group>";
		};
		89819F092A0BAAFE00B92466 /* GoodStore */ = {
			isa = PBXGroup;
			children = (
				89819F362A0BAF0400B92466 /* ViewModel */,
				89819F332A0BADBA00B92466 /* Model */,
				89819F182A0BAB6100B92466 /* GoodStore.entitlements */,
				89819F0A2A0BAAFE00B92466 /* GoodStoreApp.swift */,
				89819F0C2A0BAAFE00B92466 /* ContentView.swift */,
				89819F0E2A0BAAFF00B92466 /* Assets.xcassets */,
				89819F102A0BAAFF00B92466 /* Preview Content */,
			);
			path = GoodStore;
			sourceTree = "<group>";
		};
		89819F102A0BAAFF00B92466 /* Preview Content */ = {
			isa = PBXGroup;
			children = (
				89819F112A0BAAFF00B92466 /* Preview Assets.xcassets */,
			);
			path = "Preview Content";
			sourceTree = "<group>";
		};
		89819F332A0BADBA00B92466 /* Model */ = {
			isa = PBXGroup;
			children = (
				89819F342A0BADD300B92466 /* ItemListing.swift */,
			);
			path = Model;
			sourceTree = "<group>";
		};
		89819F362A0BAF0400B92466 /* ViewModel */ = {
			isa = PBXGroup;
			children = (
				89819F372A0BAF1800B92466 /* ItemListViewModel.swift */,
			);
			path = ViewModel;
			sourceTree = "<group>";
		};
/* End PBXGroup section */

/* Begin PBXNativeTarget section */
		89819F062A0BAAFE00B92466 /* GoodStore */ = {
			isa = PBXNativeTarget;
			buildConfigurationList = 89819F152A0BAAFF00B92466 /* Build configuration list for PBXNativeTarget "GoodStore" */;
			buildPhases = (
				89819F032A0BAAFE00B92466 /* Sources */,
				89819F042A0BAAFE00B92466 /* Frameworks */,
				89819F052A0BAAFE00B92466 /* Resources */,
			);
			buildRules = (
			);
			dependencies = (
			);
			name = GoodStore;
			productName = GoodStore;
			productReference = 89819F072A0BAAFE00B92466 /* GoodStore.app */;
			productType = "com.apple.product-type.application";
		};
/* End PBXNativeTarget section */

/* Begin PBXProject section */
		89819EFF2A0BAAFE00B92466 /* Project object */ = {
			isa = PBXProject;
			attributes = {
				BuildIndependentTargetsInParallel = 1;
				LastSwiftUpdateCheck = 1430;
				LastUpgradeCheck = 1430;
				TargetAttributes = {
					89819F062A0BAAFE00B92466 = {
						CreatedOnToolsVersion = 14.3;
					};
				};
			};
			buildConfigurationList = 89819F022A0BAAFE00B92466 /* Build configuration list for PBXProject "GoodStore" */;
			compatibilityVersion = "Xcode 14.0";
			developmentRegion = en;
			hasScannedForEncodings = 0;
			knownRegions = (
				en,
				Base,
			);
			mainGroup = 89819EFE2A0BAAFE00B92466;
			productRefGroup = 89819F082A0BAAFE00B92466 /* Products */;
			projectDirPath = "";
			projectRoot = "";
			targets = (
				89819F062A0BAAFE00B92466 /* GoodStore */,
			);
		};
/* End PBXProject section */

/* Begin PBXResourcesBuildPhase section */
		89819F052A0BAAFE00B92466 /* Resources */ = {
			isa = PBXResourcesBuildPhase;
			buildActionMask = 2147483647;
			files = (
				89819F122A0BAAFF00B92466 /* Preview Assets.xcassets in Resources */,
				89819F0F2A0BAAFF00B92466 /* Assets.xcassets in Resources */,
			);
			runOnlyForDeploymentPostprocessing = 0;
		};
/* End PBXResourcesBuildPhase section */

/* Begin PBXSourcesBuildPhase section */
		89819F032A0BAAFE00B92466 /* Sources */ = {
			isa = PBXSourcesBuildPhase;
			buildActionMask = 2147483647;
			files = (
				89819F0D2A0BAAFE00B92466 /* ContentView.swift in Sources */,
				89819F382A0BAF1800B92466 /* ItemListViewModel.swift in Sources */,
				89819F352A0BADD300B92466 /* ItemListing.swift in Sources */,
				89819F0B2A0BAAFE00B92466 /* GoodStoreApp.swift in Sources */,
			);
			runOnlyForDeploymentPostprocessing = 0;
		};
/* End PBXSourcesBuildPhase section */

/* Begin XCBuildConfiguration section */
		89819F132A0BAAFF00B92466 /* Debug */ = {
			isa = XCBuildConfiguration;
			buildSettings = {
				ALWAYS_SEARCH_USER_PATHS = NO;
				CLANG_ANALYZER_NONNULL = YES;
				CLANG_ANALYZER_NUMBER_OBJECT_CONVERSION = YES_AGGRESSIVE;
				CLANG_CXX_LANGUAGE_STANDARD = "gnu++20";
				CLANG_ENABLE_MODULES = YES;
				CLANG_ENABLE_OBJC_ARC = YES;
				CLANG_ENABLE_OBJC_WEAK = YES;
				CLANG_WARN_BLOCK_CAPTURE_AUTORELEASING = YES;
				CLANG_WARN_BOOL_CONVERSION = YES;
				CLANG_WARN_COMMA = YES;
				CLANG_WARN_CONSTANT_CONVERSION = YES;
				CLANG_WARN_DEPRECATED_OBJC_IMPLEMENTATIONS = YES;
				CLANG_WARN_DIRECT_OBJC_ISA_USAGE = YES_ERROR;
				CLANG_WARN_DOCUMENTATION_COMMENTS = YES;
				CLANG_WARN_EMPTY_BODY = YES;
				CLANG_WARN_ENUM_CONVERSION = YES;
				CLANG_WARN_INFINITE_RECURSION = YES;
				CLANG_WARN_INT_CONVERSION = YES;
				CLANG_WARN_NON_LITERAL_NULL_CONVERSION = YES;
				CLANG_WARN_OBJC_IMPLICIT_RETAIN_SELF = YES;
				CLANG_WARN_OBJC_LITERAL_CONVERSION = YES;
				CLANG_WARN_OBJC_ROOT_CLASS = YES_ERROR;
				CLANG_WARN_QUOTED_INCLUDE_IN_FRAMEWORK_HEADER = YES;
				CLANG_WARN_RANGE_LOOP_ANALYSIS = YES;
				CLANG_WARN_STRICT_PROTOTYPES = YES;
				CLANG_WARN_SUSPICIOUS_MOVE = YES;
				CLANG_WARN_UNGUARDED_AVAILABILITY = YES_AGGRESSIVE;
				CLANG_WARN_UNREACHABLE_CODE = YES;
				CLANG_WARN__DUPLICATE_METHOD_MATCH = YES;
				COPY_PHASE_STRIP = NO;
				DEBUG_INFORMATION_FORMAT = dwarf;
				ENABLE_STRICT_OBJC_MSGSEND = YES;
				ENABLE_TESTABILITY = YES;
				GCC_C_LANGUAGE_STANDARD = gnu11;
				GCC_DYNAMIC_NO_PIC = NO;
				GCC_NO_COMMON_BLOCKS = YES;
				GCC_OPTIMIZATION_LEVEL = 0;
				GCC_PREPROCESSOR_DEFINITIONS = (
					"DEBUG=1",
					"$(inherited)",
				);
				GCC_WARN_64_TO_32_BIT_CONVERSION = YES;
				GCC_WARN_ABOUT_RETURN_TYPE = YES_ERROR;
				GCC_WARN_UNDECLARED_SELECTOR = YES;
				GCC_WARN_UNINITIALIZED_AUTOS = YES_AGGRESSIVE;
				GCC_WARN_UNUSED_FUNCTION = YES;
				GCC_WARN_UNUSED_VARIABLE = YES;
				IPHONEOS_DEPLOYMENT_TARGET = 16.4;
				MTL_ENABLE_DEBUG_INFO = INCLUDE_SOURCE;
				MTL_FAST_MATH = YES;
				ONLY_ACTIVE_ARCH = YES;
				SDKROOT = iphoneos;
				SWIFT_ACTIVE_COMPILATION_CONDITIONS = DEBUG;
				SWIFT_OPTIMIZATION_LEVEL = "-Onone";
			};
			name = Debug;
		};
		89819F142A0BAAFF00B92466 /* Release */ = {
			isa = XCBuildConfiguration;
			buildSettings = {
				ALWAYS_SEARCH_USER_PATHS = NO;
				CLANG_ANALYZER_NONNULL = YES;
				CLANG_ANALYZER_NUMBER_OBJECT_CONVERSION = YES_AGGRESSIVE;
				CLANG_CXX_LANGUAGE_STANDARD = "gnu++20";
				CLANG_ENABLE_MODULES = YES;
				CLANG_ENABLE_OBJC_ARC = YES;
				CLANG_ENABLE_OBJC_WEAK = YES;
				CLANG_WARN_BLOCK_CAPTURE_AUTORELEASING = YES;
				CLANG_WARN_BOOL_CONVERSION = YES;
				CLANG_WARN_COMMA = YES;
				CLANG_WARN_CONSTANT_CONVERSION = YES;
				CLANG_WARN_DEPRECATED_OBJC_IMPLEMENTATIONS = YES;
				CLANG_WARN_DIRECT_OBJC_ISA_USAGE = YES_ERROR;
				CLANG_WARN_DOCUMENTATION_COMMENTS = YES;
				CLANG_WARN_EMPTY_BODY = YES;
				CLANG_WARN_ENUM_CONVERSION = YES;
				CLANG_WARN_INFINITE_RECURSION = YES;
				CLANG_WARN_INT_CONVERSION = YES;
				CLANG_WARN_NON_LITERAL_NULL_CONVERSION = YES;
				CLANG_WARN_OBJC_IMPLICIT_RETAIN_SELF = YES;
				CLANG_WARN_OBJC_LITERAL_CONVERSION = YES;
				CLANG_WARN_OBJC_ROOT_CLASS = YES_ERROR;
				CLANG_WARN_QUOTED_INCLUDE_IN_FRAMEWORK_HEADER = YES;
				CLANG_WARN_RANGE_LOOP_ANALYSIS = YES;
				CLANG_WARN_STRICT_PROTOTYPES = YES;
				CLANG_WARN_SUSPICIOUS_MOVE = YES;
				CLANG_WARN_UNGUARDED_AVAILABILITY = YES_AGGRESSIVE;
				CLANG_WARN_UNREACHABLE_CODE = YES;
				CLANG_WARN__DUPLICATE_METHOD_MATCH = YES;
				COPY_PHASE_STRIP = NO;
				DEBUG_INFORMATION_FORMAT = "dwarf-with-dsym";
				ENABLE_NS_ASSERTIONS = NO;
				ENABLE_STRICT_OBJC_MSGSEND = YES;
				GCC_C_LANGUAGE_STANDARD = gnu11;
				GCC_NO_COMMON_BLOCKS = YES;
				GCC_WARN_64_TO_32_BIT_CONVERSION = YES;
				GCC_WARN_ABOUT_RETURN_TYPE = YES_ERROR;
				GCC_WARN_UNDECLARED_SELECTOR = YES;
				GCC_WARN_UNINITIALIZED_AUTOS = YES_AGGRESSIVE;
				GCC_WARN_UNUSED_FUNCTION = YES;
				GCC_WARN_UNUSED_VARIABLE = YES;
				IPHONEOS_DEPLOYMENT_TARGET = 16.4;
				MTL_ENABLE_DEBUG_INFO = NO;
				MTL_FAST_MATH = YES;
				SDKROOT = iphoneos;
				SWIFT_COMPILATION_MODE = wholemodule;
				SWIFT_OPTIMIZATION_LEVEL = "-O";
				VALIDATE_PRODUCT = YES;
			};
			name = Release;
		};
		89819F162A0BAAFF00B92466 /* Debug */ = {
			isa = XCBuildConfiguration;
			buildSettings = {
				ASSETCATALOG_COMPILER_APPICON_NAME = AppIcon;
				ASSETCATALOG_COMPILER_GLOBAL_ACCENT_COLOR_NAME = AccentColor;
				CODE_SIGN_ENTITLEMENTS = GoodStore/GoodStore.entitlements;
				CODE_SIGN_IDENTITY = "Apple Development: Mamun Khan (RA77FF939U)";
				"CODE_SIGN_IDENTITY[sdk=iphoneos*]" = "Apple Development: Mamun Khan (RA77FF939U)";
				CODE_SIGN_STYLE = Manual;
				CURRENT_PROJECT_VERSION = 1;
				DEVELOPMENT_ASSET_PATHS = "\"GoodStore/Preview Content\"";
				DEVELOPMENT_TEAM = "";
				"DEVELOPMENT_TEAM[sdk=iphoneos*]" = 2BL4KQW6R5;
				ENABLE_PREVIEWS = YES;
				GENERATE_INFOPLIST_FILE = YES;
				INFOPLIST_KEY_UIApplicationSceneManifest_Generation = YES;
				INFOPLIST_KEY_UIApplicationSupportsIndirectInputEvents = YES;
				INFOPLIST_KEY_UILaunchScreen_Generation = YES;
				INFOPLIST_KEY_UISupportedInterfaceOrientations_iPad = "UIInterfaceOrientationPortrait UIInterfaceOrientationPortraitUpsideDown UIInterfaceOrientationLandscapeLeft UIInterfaceOrientationLandscapeRight";
				INFOPLIST_KEY_UISupportedInterfaceOrientations_iPhone = "UIInterfaceOrientationPortrait UIInterfaceOrientationLandscapeLeft UIInterfaceOrientationLandscapeRight";
				LD_RUNPATH_SEARCH_PATHS = (
					"$(inherited)",
					"@executable_path/Frameworks",
				);
				MARKETING_VERSION = 1.0;
				PRODUCT_BUNDLE_IDENTIFIER = com.bjitgroup.upskill;
				PRODUCT_NAME = "$(TARGET_NAME)";
				PROVISIONING_PROFILE_SPECIFIER = "";
				"PROVISIONING_PROFILE_SPECIFIER[sdk=iphoneos*]" = "BJIT UpSkill Dev";
				SWIFT_EMIT_LOC_STRINGS = YES;
				SWIFT_VERSION = 5.0;
				TARGETED_DEVICE_FAMILY = "1,2";
			};
			name = Debug;
		};
		89819F172A0BAAFF00B92466 /* Release */ = {
			isa = XCBuildConfiguration;
			buildSettings = {
				ASSETCATALOG_COMPILER_APPICON_NAME = AppIcon;
				ASSETCATALOG_COMPILER_GLOBAL_ACCENT_COLOR_NAME = AccentColor;
				CODE_SIGN_ENTITLEMENTS = GoodStore/GoodStore.entitlements;
				CODE_SIGN_IDENTITY = "Apple Development: Mamun Khan (RA77FF939U)";
				"CODE_SIGN_IDENTITY[sdk=iphoneos*]" = "Apple Development: Mamun Khan (RA77FF939U)";
				CODE_SIGN_STYLE = Manual;
				CURRENT_PROJECT_VERSION = 1;
				DEVELOPMENT_ASSET_PATHS = "\"GoodStore/Preview Content\"";
				DEVELOPMENT_TEAM = "";
				"DEVELOPMENT_TEAM[sdk=iphoneos*]" = 2BL4KQW6R5;
				ENABLE_PREVIEWS = YES;
				GENERATE_INFOPLIST_FILE = YES;
				INFOPLIST_KEY_UIApplicationSceneManifest_Generation = YES;
				INFOPLIST_KEY_UIApplicationSupportsIndirectInputEvents = YES;
				INFOPLIST_KEY_UILaunchScreen_Generation = YES;
				INFOPLIST_KEY_UISupportedInterfaceOrientations_iPad = "UIInterfaceOrientationPortrait UIInterfaceOrientationPortraitUpsideDown UIInterfaceOrientationLandscapeLeft UIInterfaceOrientationLandscapeRight";
				INFOPLIST_KEY_UISupportedInterfaceOrientations_iPhone = "UIInterfaceOrientationPortrait UIInterfaceOrientationLandscapeLeft UIInterfaceOrientationLandscapeRight";
				LD_RUNPATH_SEARCH_PATHS = (
					"$(inherited)",
					"@executable_path/Frameworks",
				);
				MARKETING_VERSION = 1.0;
				PRODUCT_BUNDLE_IDENTIFIER = com.bjitgroup.upskill;
				PRODUCT_NAME = "$(TARGET_NAME)";
				PROVISIONING_PROFILE_SPECIFIER = "";
				"PROVISIONING_PROFILE_SPECIFIER[sdk=iphoneos*]" = "BJIT UpSkill Dev";
				SWIFT_EMIT_LOC_STRINGS = YES;
				SWIFT_VERSION = 5.0;
				TARGETED_DEVICE_FAMILY = "1,2";
			};
			name = Release;
		};
/* End XCBuildConfiguration section */

/* Begin XCConfigurationList section */
		89819F022A0BAAFE00B92466 /* Build configuration list for PBXProject "GoodStore" */ = {
			isa = XCConfigurationList;
			buildConfigurations = (
				89819F132A0BAAFF00B92466 /* Debug */,
				89819F142A0BAAFF00B92466 /* Release */,
			);
			defaultConfigurationIsVisible = 0;
			defaultConfigurationName = Release;
		};
		89819F152A0BAAFF00B92466 /* Build configuration list for PBXNativeTarget "GoodStore" */ = {
			isa = XCConfigurationList;
			buildConfigurations = (
				89819F162A0BAAFF00B92466 /* Debug */,
				89819F172A0BAAFF00B92466 /* Release */,
			);
			defaultConfigurationIsVisible = 0;
			defaultConfigurationName = Release;
		};
/* End XCConfigurationList section */
	};
	rootObject = 89819EFF2A0BAAFE00B92466 /* Project object */;
}
