// !$*UTF8*$!
{
	archiveVersion = 1;
	classes = {
	};
	objectVersion = 55;
	objects = {

/* Begin PBXBuildFile section */
		852679612ADFF54400F061B3 /* AuthConfirmationUnitTest.swift in Sources */ = {isa = PBXBuildFile; fileRef = 852679602ADFF54400F061B3 /* AuthConfirmationUnitTest.swift */; };
		852679632AE0065900F061B3 /* NetworkMonitor.swift in Sources */ = {isa = PBXBuildFile; fileRef = 852679622AE0065900F061B3 /* NetworkMonitor.swift */; };
		852679652AE00B9100F061B3 /* NetowrkTestUnitTest.swift in Sources */ = {isa = PBXBuildFile; fileRef = 852679642AE00B9100F061B3 /* NetowrkTestUnitTest.swift */; };
		852679672AE00E9100F061B3 /* MockAPICall.swift in Sources */ = {isa = PBXBuildFile; fileRef = 852679662AE00E9100F061B3 /* MockAPICall.swift */; };
		852679692AE01A4900F061B3 /* MockMovieResponse.json in Resources */ = {isa = PBXBuildFile; fileRef = 852679682AE0167400F061B3 /* MockMovieResponse.json */; };
		8526796A2AE01A4A00F061B3 /* MockMovieResponse.json in Resources */ = {isa = PBXBuildFile; fileRef = 852679682AE0167400F061B3 /* MockMovieResponse.json */; };
		85A6E3C62AE04C0200F2F141 /* PerformanceTest.swift in Sources */ = {isa = PBXBuildFile; fileRef = 85A6E3C52AE04C0200F2F141 /* PerformanceTest.swift */; };
		85A6E3F02AE0588F00F2F141 /* MovieDataModel.xcdatamodeld in Sources */ = {isa = PBXBuildFile; fileRef = 85A6E3EE2AE0588F00F2F141 /* MovieDataModel.xcdatamodeld */; };
		85A6E3F32AE05D1E00F2F141 /* DataRepository.swift in Sources */ = {isa = PBXBuildFile; fileRef = 85A6E3F22AE05D1E00F2F141 /* DataRepository.swift */; };
		85B337AE2AE12F8000C4455A /* IntegrationTesting.swift in Sources */ = {isa = PBXBuildFile; fileRef = 85B337AD2AE12F8000C4455A /* IntegrationTesting.swift */; };
		85D5BD192ADEBAC900AE32E4 /* Coordinator.swift in Sources */ = {isa = PBXBuildFile; fileRef = 85D5BD182ADEBAC900AE32E4 /* Coordinator.swift */; };
		85D5BD1B2ADEBADD00AE32E4 /* AppCoordinator.swift in Sources */ = {isa = PBXBuildFile; fileRef = 85D5BD1A2ADEBADD00AE32E4 /* AppCoordinator.swift */; };
		85D5BD1D2ADEBB1800AE32E4 /* HomeCoordinator.swift in Sources */ = {isa = PBXBuildFile; fileRef = 85D5BD1C2ADEBB1800AE32E4 /* HomeCoordinator.swift */; };
		85D5BD1F2ADEBB2400AE32E4 /* CartCoordinator.swift in Sources */ = {isa = PBXBuildFile; fileRef = 85D5BD1E2ADEBB2400AE32E4 /* CartCoordinator.swift */; };
		85D5BD212ADEC4DE00AE32E4 /* BadgeView.swift in Sources */ = {isa = PBXBuildFile; fileRef = 85D5BD202ADEC4DE00AE32E4 /* BadgeView.swift */; };
		85D5BD252ADEDBB700AE32E4 /* MoviewDetailsViewController.swift in Sources */ = {isa = PBXBuildFile; fileRef = 85D5BD242ADEDBB700AE32E4 /* MoviewDetailsViewController.swift */; };
		85D5BD282ADEDD9500AE32E4 /* DetailCoordinator.swift in Sources */ = {isa = PBXBuildFile; fileRef = 85D5BD272ADEDD9500AE32E4 /* DetailCoordinator.swift */; };
		85D5BD2B2ADF085100AE32E4 /* CartManager.swift in Sources */ = {isa = PBXBuildFile; fileRef = 85D5BD2A2ADF085100AE32E4 /* CartManager.swift */; };
		85D5BD2E2ADF0BA200AE32E4 /* CartViewController.swift in Sources */ = {isa = PBXBuildFile; fileRef = 85D5BD2D2ADF0BA200AE32E4 /* CartViewController.swift */; };
		85D5BD312ADF0C3900AE32E4 /* CartTableViewCell.swift in Sources */ = {isa = PBXBuildFile; fileRef = 85D5BD2F2ADF0C3900AE32E4 /* CartTableViewCell.swift */; };
		85D5BD322ADF0C3900AE32E4 /* CartTableViewCell.xib in Resources */ = {isa = PBXBuildFile; fileRef = 85D5BD302ADF0C3900AE32E4 /* CartTableViewCell.xib */; };
		85D5BD392ADF0C6900AE32E4 /* CartTotalTableViewCell.swift in Sources */ = {isa = PBXBuildFile; fileRef = 85D5BD372ADF0C6900AE32E4 /* CartTotalTableViewCell.swift */; };
		85D5BD3A2ADF0C6900AE32E4 /* CartTotalTableViewCell.xib in Resources */ = {isa = PBXBuildFile; fileRef = 85D5BD382ADF0C6900AE32E4 /* CartTotalTableViewCell.xib */; };
		85FCB2132ADFCAAD009F4B19 /* AuthViewController.swift in Sources */ = {isa = PBXBuildFile; fileRef = 85FCB2122ADFCAAD009F4B19 /* AuthViewController.swift */; };
		85FCB2162ADFCBF3009F4B19 /* AuthViewModel.swift in Sources */ = {isa = PBXBuildFile; fileRef = 85FCB2152ADFCBF3009F4B19 /* AuthViewModel.swift */; };
		85FCB2182ADFCC01009F4B19 /* AuthValidator.swift in Sources */ = {isa = PBXBuildFile; fileRef = 85FCB2172ADFCC01009F4B19 /* AuthValidator.swift */; };
		85FCB21A2ADFD40A009F4B19 /* AuthCoordinator.swift in Sources */ = {isa = PBXBuildFile; fileRef = 85FCB2192ADFD40A009F4B19 /* AuthCoordinator.swift */; };
		85FCB21C2ADFEFD2009F4B19 /* AuthUnitTest.swift in Sources */ = {isa = PBXBuildFile; fileRef = 85FCB21B2ADFEFD2009F4B19 /* AuthUnitTest.swift */; };
		894AE75F288EC31600C19150 /* HTTPNetworkRoute.swift in Sources */ = {isa = PBXBuildFile; fileRef = 894AE75E288EC31600C19150 /* HTTPNetworkRoute.swift */; };
		894AE761288EC34000C19150 /* HTTPMethod.swift in Sources */ = {isa = PBXBuildFile; fileRef = 894AE760288EC34000C19150 /* HTTPMethod.swift */; };
		894AE763288EC36500C19150 /* HTTPNetworkError.swift in Sources */ = {isa = PBXBuildFile; fileRef = 894AE762288EC36500C19150 /* HTTPNetworkError.swift */; };
		894AE765288EC38B00C19150 /* HTTPNetworkRequest.swift in Sources */ = {isa = PBXBuildFile; fileRef = 894AE764288EC38B00C19150 /* HTTPNetworkRequest.swift */; };
		894AE767288EC3B200C19150 /* HTTPNetworkResponse.swift in Sources */ = {isa = PBXBuildFile; fileRef = 894AE766288EC3B200C19150 /* HTTPNetworkResponse.swift */; };
		894AE769288EC3DC00C19150 /* URLEncoder.swift in Sources */ = {isa = PBXBuildFile; fileRef = 894AE768288EC3DC00C19150 /* URLEncoder.swift */; };
		894AE76B288EC40200C19150 /* Result.swift in Sources */ = {isa = PBXBuildFile; fileRef = 894AE76A288EC40200C19150 /* Result.swift */; };
		894AE76D288EC42700C19150 /* ClientService.swift in Sources */ = {isa = PBXBuildFile; fileRef = 894AE76C288EC42700C19150 /* ClientService.swift */; };
		894AE76F288EC44D00C19150 /* ClientServiceHelper.swift in Sources */ = {isa = PBXBuildFile; fileRef = 894AE76E288EC44D00C19150 /* ClientServiceHelper.swift */; };
		894AE772288EC51D00C19150 /* Log.swift in Sources */ = {isa = PBXBuildFile; fileRef = 894AE771288EC51D00C19150 /* Log.swift */; };
		894AE774288EC57900C19150 /* Constants.swift in Sources */ = {isa = PBXBuildFile; fileRef = 894AE773288EC57900C19150 /* Constants.swift */; };
		894AE777288ED07300C19150 /* MovieInfo.swift in Sources */ = {isa = PBXBuildFile; fileRef = 894AE776288ED07300C19150 /* MovieInfo.swift */; };
		89EC43C5288E71A400E4EFFA /* AppDelegate.swift in Sources */ = {isa = PBXBuildFile; fileRef = 89EC43C4288E71A400E4EFFA /* AppDelegate.swift */; };
		89EC43C7288E71A400E4EFFA /* SceneDelegate.swift in Sources */ = {isa = PBXBuildFile; fileRef = 89EC43C6288E71A400E4EFFA /* SceneDelegate.swift */; };
		89EC43C9288E71A400E4EFFA /* ViewController.swift in Sources */ = {isa = PBXBuildFile; fileRef = 89EC43C8288E71A400E4EFFA /* ViewController.swift */; };
		89EC43CC288E71A400E4EFFA /* Main.storyboard in Resources */ = {isa = PBXBuildFile; fileRef = 89EC43CA288E71A400E4EFFA /* Main.storyboard */; };
		89EC43CE288E71A500E4EFFA /* Assets.xcassets in Resources */ = {isa = PBXBuildFile; fileRef = 89EC43CD288E71A500E4EFFA /* Assets.xcassets */; };
		89EC43D1288E71A500E4EFFA /* LaunchScreen.storyboard in Resources */ = {isa = PBXBuildFile; fileRef = 89EC43CF288E71A500E4EFFA /* LaunchScreen.storyboard */; };
		89EC43E6288E71A500E4EFFA /* MovieListAuthUITest.swift in Sources */ = {isa = PBXBuildFile; fileRef = 89EC43E5288E71A500E4EFFA /* MovieListAuthUITest.swift */; };
		89EC43E8288E71A500E4EFFA /* Movie_ListUITestsLaunchTests.swift in Sources */ = {isa = PBXBuildFile; fileRef = 89EC43E7288E71A500E4EFFA /* Movie_ListUITestsLaunchTests.swift */; };
		89EEDFF5288EEC110079E7C4 /* MovieViewModel.swift in Sources */ = {isa = PBXBuildFile; fileRef = 89EEDFF4288EEC110079E7C4 /* MovieViewModel.swift */; };
		89EEDFF7288EEC460079E7C4 /* Bindable.swift in Sources */ = {isa = PBXBuildFile; fileRef = 89EEDFF6288EEC460079E7C4 /* Bindable.swift */; };
		89EEDFFA288EF93B0079E7C4 /* MovieTableViewCell.swift in Sources */ = {isa = PBXBuildFile; fileRef = 89EEDFF8288EF93B0079E7C4 /* MovieTableViewCell.swift */; };
		89EEDFFB288EF93B0079E7C4 /* MovieTableViewCell.xib in Resources */ = {isa = PBXBuildFile; fileRef = 89EEDFF9288EF93B0079E7C4 /* MovieTableViewCell.xib */; };
		89EEDFFD288EFFB90079E7C4 /* Extensions.swift in Sources */ = {isa = PBXBuildFile; fileRef = 89EEDFFC288EFFB90079E7C4 /* Extensions.swift */; };
/* End PBXBuildFile section */

/* Begin PBXContainerItemProxy section */
		89EC43D8288E71A500E4EFFA /* PBXContainerItemProxy */ = {
			isa = PBXContainerItemProxy;
			containerPortal = 89EC43B9288E71A400E4EFFA /* Project object */;
			proxyType = 1;
			remoteGlobalIDString = 89EC43C0288E71A400E4EFFA;
			remoteInfo = "Movie List";
		};
		89EC43E2288E71A500E4EFFA /* PBXContainerItemProxy */ = {
			isa = PBXContainerItemProxy;
			containerPortal = 89EC43B9288E71A400E4EFFA /* Project object */;
			proxyType = 1;
			remoteGlobalIDString = 89EC43C0288E71A400E4EFFA;
			remoteInfo = "Movie List";
		};
/* End PBXContainerItemProxy section */

/* Begin PBXFileReference section */
		852679602ADFF54400F061B3 /* AuthConfirmationUnitTest.swift */ = {isa = PBXFileReference; lastKnownFileType = sourcecode.swift; path = AuthConfirmationUnitTest.swift; sourceTree = "<group>"; };
		852679622AE0065900F061B3 /* NetworkMonitor.swift */ = {isa = PBXFileReference; lastKnownFileType = sourcecode.swift; path = NetworkMonitor.swift; sourceTree = "<group>"; };
		852679642AE00B9100F061B3 /* NetowrkTestUnitTest.swift */ = {isa = PBXFileReference; lastKnownFileType = sourcecode.swift; path = NetowrkTestUnitTest.swift; sourceTree = "<group>"; };
		852679662AE00E9100F061B3 /* MockAPICall.swift */ = {isa = PBXFileReference; lastKnownFileType = sourcecode.swift; path = MockAPICall.swift; sourceTree = "<group>"; };
		852679682AE0167400F061B3 /* MockMovieResponse.json */ = {isa = PBXFileReference; lastKnownFileType = text.json; path = MockMovieResponse.json; sourceTree = "<group>"; };
		85A6E3C52AE04C0200F2F141 /* PerformanceTest.swift */ = {isa = PBXFileReference; lastKnownFileType = sourcecode.swift; path = PerformanceTest.swift; sourceTree = "<group>"; };
		85A6E3EF2AE0588F00F2F141 /* MovieDataModel.xcdatamodel */ = {isa = PBXFileReference; lastKnownFileType = wrapper.xcdatamodel; path = MovieDataModel.xcdatamodel; sourceTree = "<group>"; };
		85A6E3F22AE05D1E00F2F141 /* DataRepository.swift */ = {isa = PBXFileReference; lastKnownFileType = sourcecode.swift; path = DataRepository.swift; sourceTree = "<group>"; };
		85B337AA2AE10B0A00C4455A /* Movie List.xctestplan */ = {isa = PBXFileReference; lastKnownFileType = text; path = "Movie List.xctestplan"; sourceTree = "<group>"; };
		85B337AD2AE12F8000C4455A /* IntegrationTesting.swift */ = {isa = PBXFileReference; lastKnownFileType = sourcecode.swift; path = IntegrationTesting.swift; sourceTree = "<group>"; };
		85D5BD182ADEBAC900AE32E4 /* Coordinator.swift */ = {isa = PBXFileReference; lastKnownFileType = sourcecode.swift; path = Coordinator.swift; sourceTree = "<group>"; };
		85D5BD1A2ADEBADD00AE32E4 /* AppCoordinator.swift */ = {isa = PBXFileReference; lastKnownFileType = sourcecode.swift; path = AppCoordinator.swift; sourceTree = "<group>"; };
		85D5BD1C2ADEBB1800AE32E4 /* HomeCoordinator.swift */ = {isa = PBXFileReference; lastKnownFileType = sourcecode.swift; path = HomeCoordinator.swift; sourceTree = "<group>"; };
		85D5BD1E2ADEBB2400AE32E4 /* CartCoordinator.swift */ = {isa = PBXFileReference; lastKnownFileType = sourcecode.swift; path = CartCoordinator.swift; sourceTree = "<group>"; };
		85D5BD202ADEC4DE00AE32E4 /* BadgeView.swift */ = {isa = PBXFileReference; lastKnownFileType = sourcecode.swift; path = BadgeView.swift; sourceTree = "<group>"; };
		85D5BD242ADEDBB700AE32E4 /* MoviewDetailsViewController.swift */ = {isa = PBXFileReference; lastKnownFileType = sourcecode.swift; path = MoviewDetailsViewController.swift; sourceTree = "<group>"; };
		85D5BD272ADEDD9500AE32E4 /* DetailCoordinator.swift */ = {isa = PBXFileReference; lastKnownFileType = sourcecode.swift; path = DetailCoordinator.swift; sourceTree = "<group>"; };
		85D5BD2A2ADF085100AE32E4 /* CartManager.swift */ = {isa = PBXFileReference; lastKnownFileType = sourcecode.swift; path = CartManager.swift; sourceTree = "<group>"; };
		85D5BD2D2ADF0BA200AE32E4 /* CartViewController.swift */ = {isa = PBXFileReference; lastKnownFileType = sourcecode.swift; path = CartViewController.swift; sourceTree = "<group>"; };
		85D5BD2F2ADF0C3900AE32E4 /* CartTableViewCell.swift */ = {isa = PBXFileReference; lastKnownFileType = sourcecode.swift; path = CartTableViewCell.swift; sourceTree = "<group>"; };
		85D5BD302ADF0C3900AE32E4 /* CartTableViewCell.xib */ = {isa = PBXFileReference; lastKnownFileType = file.xib; path = CartTableViewCell.xib; sourceTree = "<group>"; };
		85D5BD372ADF0C6900AE32E4 /* CartTotalTableViewCell.swift */ = {isa = PBXFileReference; lastKnownFileType = sourcecode.swift; path = CartTotalTableViewCell.swift; sourceTree = "<group>"; };
		85D5BD382ADF0C6900AE32E4 /* CartTotalTableViewCell.xib */ = {isa = PBXFileReference; lastKnownFileType = file.xib; path = CartTotalTableViewCell.xib; sourceTree = "<group>"; };
		85FCB2122ADFCAAD009F4B19 /* AuthViewController.swift */ = {isa = PBXFileReference; lastKnownFileType = sourcecode.swift; path = AuthViewController.swift; sourceTree = "<group>"; };
		85FCB2152ADFCBF3009F4B19 /* AuthViewModel.swift */ = {isa = PBXFileReference; lastKnownFileType = sourcecode.swift; path = AuthViewModel.swift; sourceTree = "<group>"; };
		85FCB2172ADFCC01009F4B19 /* AuthValidator.swift */ = {isa = PBXFileReference; lastKnownFileType = sourcecode.swift; path = AuthValidator.swift; sourceTree = "<group>"; };
		85FCB2192ADFD40A009F4B19 /* AuthCoordinator.swift */ = {isa = PBXFileReference; lastKnownFileType = sourcecode.swift; path = AuthCoordinator.swift; sourceTree = "<group>"; };
		85FCB21B2ADFEFD2009F4B19 /* AuthUnitTest.swift */ = {isa = PBXFileReference; lastKnownFileType = sourcecode.swift; path = AuthUnitTest.swift; sourceTree = "<group>"; };
		894AE75E288EC31600C19150 /* HTTPNetworkRoute.swift */ = {isa = PBXFileReference; lastKnownFileType = sourcecode.swift; path = HTTPNetworkRoute.swift; sourceTree = "<group>"; };
		894AE760288EC34000C19150 /* HTTPMethod.swift */ = {isa = PBXFileReference; lastKnownFileType = sourcecode.swift; path = HTTPMethod.swift; sourceTree = "<group>"; };
		894AE762288EC36500C19150 /* HTTPNetworkError.swift */ = {isa = PBXFileReference; lastKnownFileType = sourcecode.swift; path = HTTPNetworkError.swift; sourceTree = "<group>"; };
		894AE764288EC38B00C19150 /* HTTPNetworkRequest.swift */ = {isa = PBXFileReference; lastKnownFileType = sourcecode.swift; path = HTTPNetworkRequest.swift; sourceTree = "<group>"; };
		894AE766288EC3B200C19150 /* HTTPNetworkResponse.swift */ = {isa = PBXFileReference; lastKnownFileType = sourcecode.swift; path = HTTPNetworkResponse.swift; sourceTree = "<group>"; };
		894AE768288EC3DC00C19150 /* URLEncoder.swift */ = {isa = PBXFileReference; lastKnownFileType = sourcecode.swift; path = URLEncoder.swift; sourceTree = "<group>"; };
		894AE76A288EC40200C19150 /* Result.swift */ = {isa = PBXFileReference; lastKnownFileType = sourcecode.swift; path = Result.swift; sourceTree = "<group>"; };
		894AE76C288EC42700C19150 /* ClientService.swift */ = {isa = PBXFileReference; lastKnownFileType = sourcecode.swift; path = ClientService.swift; sourceTree = "<group>"; };
		894AE76E288EC44D00C19150 /* ClientServiceHelper.swift */ = {isa = PBXFileReference; lastKnownFileType = sourcecode.swift; path = ClientServiceHelper.swift; sourceTree = "<group>"; };
		894AE771288EC51D00C19150 /* Log.swift */ = {isa = PBXFileReference; lastKnownFileType = sourcecode.swift; path = Log.swift; sourceTree = "<group>"; };
		894AE773288EC57900C19150 /* Constants.swift */ = {isa = PBXFileReference; lastKnownFileType = sourcecode.swift; path = Constants.swift; sourceTree = "<group>"; };
		894AE776288ED07300C19150 /* MovieInfo.swift */ = {isa = PBXFileReference; lastKnownFileType = sourcecode.swift; path = MovieInfo.swift; sourceTree = "<group>"; };
		89EC43C1288E71A400E4EFFA /* Movie List.app */ = {isa = PBXFileReference; explicitFileType = wrapper.application; includeInIndex = 0; path = "Movie List.app"; sourceTree = BUILT_PRODUCTS_DIR; };
		89EC43C4288E71A400E4EFFA /* AppDelegate.swift */ = {isa = PBXFileReference; lastKnownFileType = sourcecode.swift; path = AppDelegate.swift; sourceTree = "<group>"; };
		89EC43C6288E71A400E4EFFA /* SceneDelegate.swift */ = {isa = PBXFileReference; lastKnownFileType = sourcecode.swift; path = SceneDelegate.swift; sourceTree = "<group>"; };
		89EC43C8288E71A400E4EFFA /* ViewController.swift */ = {isa = PBXFileReference; lastKnownFileType = sourcecode.swift; path = ViewController.swift; sourceTree = "<group>"; };
		89EC43CB288E71A400E4EFFA /* Base */ = {isa = PBXFileReference; lastKnownFileType = file.storyboard; name = Base; path = Base.lproj/Main.storyboard; sourceTree = "<group>"; };
		89EC43CD288E71A500E4EFFA /* Assets.xcassets */ = {isa = PBXFileReference; lastKnownFileType = folder.assetcatalog; path = Assets.xcassets; sourceTree = "<group>"; };
		89EC43D0288E71A500E4EFFA /* Base */ = {isa = PBXFileReference; lastKnownFileType = file.storyboard; name = Base; path = Base.lproj/LaunchScreen.storyboard; sourceTree = "<group>"; };
		89EC43D2288E71A500E4EFFA /* Info.plist */ = {isa = PBXFileReference; lastKnownFileType = text.plist.xml; path = Info.plist; sourceTree = "<group>"; };
		89EC43D7288E71A500E4EFFA /* Movie ListTests.xctest */ = {isa = PBXFileReference; explicitFileType = wrapper.cfbundle; includeInIndex = 0; path = "Movie ListTests.xctest"; sourceTree = BUILT_PRODUCTS_DIR; };
		89EC43E1288E71A500E4EFFA /* Movie ListUITests.xctest */ = {isa = PBXFileReference; explicitFileType = wrapper.cfbundle; includeInIndex = 0; path = "Movie ListUITests.xctest"; sourceTree = BUILT_PRODUCTS_DIR; };
		89EC43E5288E71A500E4EFFA /* MovieListAuthUITest.swift */ = {isa = PBXFileReference; lastKnownFileType = sourcecode.swift; path = MovieListAuthUITest.swift; sourceTree = "<group>"; };
		89EC43E7288E71A500E4EFFA /* Movie_ListUITestsLaunchTests.swift */ = {isa = PBXFileReference; lastKnownFileType = sourcecode.swift; path = Movie_ListUITestsLaunchTests.swift; sourceTree = "<group>"; };
		89EEDFF4288EEC110079E7C4 /* MovieViewModel.swift */ = {isa = PBXFileReference; lastKnownFileType = sourcecode.swift; path = MovieViewModel.swift; sourceTree = "<group>"; };
		89EEDFF6288EEC460079E7C4 /* Bindable.swift */ = {isa = PBXFileReference; lastKnownFileType = sourcecode.swift; path = Bindable.swift; sourceTree = "<group>"; };
		89EEDFF8288EF93B0079E7C4 /* MovieTableViewCell.swift */ = {isa = PBXFileReference; lastKnownFileType = sourcecode.swift; path = MovieTableViewCell.swift; sourceTree = "<group>"; };
		89EEDFF9288EF93B0079E7C4 /* MovieTableViewCell.xib */ = {isa = PBXFileReference; lastKnownFileType = file.xib; path = MovieTableViewCell.xib; sourceTree = "<group>"; };
		89EEDFFC288EFFB90079E7C4 /* Extensions.swift */ = {isa = PBXFileReference; lastKnownFileType = sourcecode.swift; path = Extensions.swift; sourceTree = "<group>"; };
/* End PBXFileReference section */

/* Begin PBXFrameworksBuildPhase section */
		89EC43BE288E71A400E4EFFA /* Frameworks */ = {
			isa = PBXFrameworksBuildPhase;
			buildActionMask = 2147483647;
			files = (
			);
			runOnlyForDeploymentPostprocessing = 0;
		};
		89EC43D4288E71A500E4EFFA /* Frameworks */ = {
			isa = PBXFrameworksBuildPhase;
			buildActionMask = 2147483647;
			files = (
			);
			runOnlyForDeploymentPostprocessing = 0;
		};
		89EC43DE288E71A500E4EFFA /* Frameworks */ = {
			isa = PBXFrameworksBuildPhase;
			buildActionMask = 2147483647;
			files = (
			);
			runOnlyForDeploymentPostprocessing = 0;
		};
/* End PBXFrameworksBuildPhase section */

/* Begin PBXGroup section */
		85A6E3F12AE05CF600F2F141 /* DataRepository */ = {
			isa = PBXGroup;
			children = (
				85A6E3F22AE05D1E00F2F141 /* DataRepository.swift */,
			);
			path = DataRepository;
			sourceTree = "<group>";
		};
		85D5BD172ADEB9BB00AE32E4 /* Coordinator */ = {
			isa = PBXGroup;
			children = (
				85D5BD182ADEBAC900AE32E4 /* Coordinator.swift */,
				85D5BD1A2ADEBADD00AE32E4 /* AppCoordinator.swift */,
				85FCB2192ADFD40A009F4B19 /* AuthCoordinator.swift */,
				85D5BD1C2ADEBB1800AE32E4 /* HomeCoordinator.swift */,
				85D5BD272ADEDD9500AE32E4 /* DetailCoordinator.swift */,
				85D5BD1E2ADEBB2400AE32E4 /* CartCoordinator.swift */,
			);
			path = Coordinator;
			sourceTree = "<group>";
		};
		85D5BD232ADEDB7300AE32E4 /* Home */ = {
			isa = PBXGroup;
			children = (
				89EC43C8288E71A400E4EFFA /* ViewController.swift */,
				89EEDFF8288EF93B0079E7C4 /* MovieTableViewCell.swift */,
				89EEDFF9288EF93B0079E7C4 /* MovieTableViewCell.xib */,
			);
			path = Home;
			sourceTree = "<group>";
		};
		85D5BD262ADEDCFC00AE32E4 /* MovieDetails */ = {
			isa = PBXGroup;
			children = (
				85D5BD242ADEDBB700AE32E4 /* MoviewDetailsViewController.swift */,
			);
			path = MovieDetails;
			sourceTree = "<group>";
		};
		85D5BD292ADF084300AE32E4 /* Manager */ = {
			isa = PBXGroup;
			children = (
				85D5BD2A2ADF085100AE32E4 /* CartManager.swift */,
				852679622AE0065900F061B3 /* NetworkMonitor.swift */,
			);
			path = Manager;
			sourceTree = "<group>";
		};
		85D5BD2C2ADF0B7B00AE32E4 /* Cart */ = {
			isa = PBXGroup;
			children = (
				85D5BD2D2ADF0BA200AE32E4 /* CartViewController.swift */,
				85D5BD2F2ADF0C3900AE32E4 /* CartTableViewCell.swift */,
				85D5BD302ADF0C3900AE32E4 /* CartTableViewCell.xib */,
				85D5BD372ADF0C6900AE32E4 /* CartTotalTableViewCell.swift */,
				85D5BD382ADF0C6900AE32E4 /* CartTotalTableViewCell.xib */,
			);
			path = Cart;
			sourceTree = "<group>";
		};
		85FCB2112ADFC9B1009F4B19 /* Auth */ = {
			isa = PBXGroup;
			children = (
				85FCB2122ADFCAAD009F4B19 /* AuthViewController.swift */,
			);
			path = Auth;
			sourceTree = "<group>";
		};
		85FCB2142ADFCBE3009F4B19 /* Auth */ = {
			isa = PBXGroup;
			children = (
				85FCB2152ADFCBF3009F4B19 /* AuthViewModel.swift */,
				85FCB2172ADFCC01009F4B19 /* AuthValidator.swift */,
			);
			path = Auth;
			sourceTree = "<group>";
		};
		894AE75A288EC2C800C19150 /* Networking */ = {
			isa = PBXGroup;
			children = (
				894AE75B288EC2D300C19150 /* HTTP */,
				894AE75C288EC2DB00C19150 /* Encoding */,
				894AE75D288EC2E300C19150 /* Service */,
			);
			path = Networking;
			sourceTree = "<group>";
		};
		894AE75B288EC2D300C19150 /* HTTP */ = {
			isa = PBXGroup;
			children = (
				894AE75E288EC31600C19150 /* HTTPNetworkRoute.swift */,
				894AE760288EC34000C19150 /* HTTPMethod.swift */,
				894AE762288EC36500C19150 /* HTTPNetworkError.swift */,
				894AE764288EC38B00C19150 /* HTTPNetworkRequest.swift */,
				894AE766288EC3B200C19150 /* HTTPNetworkResponse.swift */,
			);
			path = HTTP;
			sourceTree = "<group>";
		};
		894AE75C288EC2DB00C19150 /* Encoding */ = {
			isa = PBXGroup;
			children = (
				894AE768288EC3DC00C19150 /* URLEncoder.swift */,
				894AE76A288EC40200C19150 /* Result.swift */,
			);
			path = Encoding;
			sourceTree = "<group>";
		};
		894AE75D288EC2E300C19150 /* Service */ = {
			isa = PBXGroup;
			children = (
				894AE76C288EC42700C19150 /* ClientService.swift */,
				894AE76E288EC44D00C19150 /* ClientServiceHelper.swift */,
			);
			path = Service;
			sourceTree = "<group>";
		};
		894AE770288EC50F00C19150 /* Utility */ = {
			isa = PBXGroup;
			children = (
				894AE771288EC51D00C19150 /* Log.swift */,
				894AE773288EC57900C19150 /* Constants.swift */,
				89EEDFF6288EEC460079E7C4 /* Bindable.swift */,
				89EEDFFC288EFFB90079E7C4 /* Extensions.swift */,
			);
			path = Utility;
			sourceTree = "<group>";
		};
		894AE775288ECF7D00C19150 /* Model */ = {
			isa = PBXGroup;
			children = (
				894AE776288ED07300C19150 /* MovieInfo.swift */,
			);
			path = Model;
			sourceTree = "<group>";
		};
		89EC43B8288E71A400E4EFFA = {
			isa = PBXGroup;
			children = (
				85B337AA2AE10B0A00C4455A /* Movie List.xctestplan */,
				89EC43C3288E71A400E4EFFA /* Movie List */,
				89EC43DA288E71A500E4EFFA /* Movie ListTests */,
				89EC43E4288E71A500E4EFFA /* Movie ListUITests */,
				89EC43C2288E71A400E4EFFA /* Products */,
			);
			sourceTree = "<group>";
		};
		89EC43C2288E71A400E4EFFA /* Products */ = {
			isa = PBXGroup;
			children = (
				89EC43C1288E71A400E4EFFA /* Movie List.app */,
				89EC43D7288E71A500E4EFFA /* Movie ListTests.xctest */,
				89EC43E1288E71A500E4EFFA /* Movie ListUITests.xctest */,
			);
			name = Products;
			sourceTree = "<group>";
		};
		89EC43C3288E71A400E4EFFA /* Movie List */ = {
			isa = PBXGroup;
			children = (
				85A6E3F12AE05CF600F2F141 /* DataRepository */,
				85D5BD292ADF084300AE32E4 /* Manager */,
				85D5BD172ADEB9BB00AE32E4 /* Coordinator */,
				89EEDFF3288EEBE40079E7C4 /* ViewModel */,
				89EEDFF2288EEBB70079E7C4 /* View */,
				894AE775288ECF7D00C19150 /* Model */,
				894AE770288EC50F00C19150 /* Utility */,
				894AE75A288EC2C800C19150 /* Networking */,
				89EC43C4288E71A400E4EFFA /* AppDelegate.swift */,
				89EC43C6288E71A400E4EFFA /* SceneDelegate.swift */,
				89EC43CA288E71A400E4EFFA /* Main.storyboard */,
				89EC43CD288E71A500E4EFFA /* Assets.xcassets */,
				89EC43CF288E71A500E4EFFA /* LaunchScreen.storyboard */,
				89EC43D2288E71A500E4EFFA /* Info.plist */,
				85A6E3EE2AE0588F00F2F141 /* MovieDataModel.xcdatamodeld */,
			);
			path = "Movie List";
			sourceTree = "<group>";
		};
		89EC43DA288E71A500E4EFFA /* Movie ListTests */ = {
			isa = PBXGroup;
			children = (
				85FCB21B2ADFEFD2009F4B19 /* AuthUnitTest.swift */,
				852679602ADFF54400F061B3 /* AuthConfirmationUnitTest.swift */,
				852679642AE00B9100F061B3 /* NetowrkTestUnitTest.swift */,
				852679662AE00E9100F061B3 /* MockAPICall.swift */,
				852679682AE0167400F061B3 /* MockMovieResponse.json */,
				85A6E3C52AE04C0200F2F141 /* PerformanceTest.swift */,
				85B337AD2AE12F8000C4455A /* IntegrationTesting.swift */,
			);
			path = "Movie ListTests";
			sourceTree = "<group>";
		};
		89EC43E4288E71A500E4EFFA /* Movie ListUITests */ = {
			isa = PBXGroup;
			children = (
				89EC43E5288E71A500E4EFFA /* MovieListAuthUITest.swift */,
				89EC43E7288E71A500E4EFFA /* Movie_ListUITestsLaunchTests.swift */,
			);
			path = "Movie ListUITests";
			sourceTree = "<group>";
		};
		89EEDFF2288EEBB70079E7C4 /* View */ = {
			isa = PBXGroup;
			children = (
				85FCB2112ADFC9B1009F4B19 /* Auth */,
				85D5BD2C2ADF0B7B00AE32E4 /* Cart */,
				85D5BD232ADEDB7300AE32E4 /* Home */,
				85D5BD262ADEDCFC00AE32E4 /* MovieDetails */,
				85D5BD202ADEC4DE00AE32E4 /* BadgeView.swift */,
			);
			path = View;
			sourceTree = "<group>";
		};
		89EEDFF3288EEBE40079E7C4 /* ViewModel */ = {
			isa = PBXGroup;
			children = (
				85FCB2142ADFCBE3009F4B19 /* Auth */,
				89EEDFF4288EEC110079E7C4 /* MovieViewModel.swift */,
			);
			path = ViewModel;
			sourceTree = "<group>";
		};
/* End PBXGroup section */

/* Begin PBXNativeTarget section */
		89EC43C0288E71A400E4EFFA /* Movie List */ = {
			isa = PBXNativeTarget;
			buildConfigurationList = 89EC43EB288E71A500E4EFFA /* Build configuration list for PBXNativeTarget "Movie List" */;
			buildPhases = (
				89EC43BD288E71A400E4EFFA /* Sources */,
				89EC43BE288E71A400E4EFFA /* Frameworks */,
				89EC43BF288E71A400E4EFFA /* Resources */,
			);
			buildRules = (
			);
			dependencies = (
			);
			name = "Movie List";
			productName = "Movie List";
			productReference = 89EC43C1288E71A400E4EFFA /* Movie List.app */;
			productType = "com.apple.product-type.application";
		};
		89EC43D6288E71A500E4EFFA /* Movie ListTests */ = {
			isa = PBXNativeTarget;
			buildConfigurationList = 89EC43EE288E71A500E4EFFA /* Build configuration list for PBXNativeTarget "Movie ListTests" */;
			buildPhases = (
				89EC43D3288E71A500E4EFFA /* Sources */,
				89EC43D4288E71A500E4EFFA /* Frameworks */,
				89EC43D5288E71A500E4EFFA /* Resources */,
			);
			buildRules = (
			);
			dependencies = (
				89EC43D9288E71A500E4EFFA /* PBXTargetDependency */,
			);
			name = "Movie ListTests";
			productName = "Movie ListTests";
			productReference = 89EC43D7288E71A500E4EFFA /* Movie ListTests.xctest */;
			productType = "com.apple.product-type.bundle.unit-test";
		};
		89EC43E0288E71A500E4EFFA /* Movie ListUITests */ = {
			isa = PBXNativeTarget;
			buildConfigurationList = 89EC43F1288E71A500E4EFFA /* Build configuration list for PBXNativeTarget "Movie ListUITests" */;
			buildPhases = (
				89EC43DD288E71A500E4EFFA /* Sources */,
				89EC43DE288E71A500E4EFFA /* Frameworks */,
				89EC43DF288E71A500E4EFFA /* Resources */,
			);
			buildRules = (
			);
			dependencies = (
				89EC43E3288E71A500E4EFFA /* PBXTargetDependency */,
			);
			name = "Movie ListUITests";
			productName = "Movie ListUITests";
			productReference = 89EC43E1288E71A500E4EFFA /* Movie ListUITests.xctest */;
			productType = "com.apple.product-type.bundle.ui-testing";
		};
/* End PBXNativeTarget section */

/* Begin PBXProject section */
		89EC43B9288E71A400E4EFFA /* Project object */ = {
			isa = PBXProject;
			attributes = {
				BuildIndependentTargetsInParallel = 1;
				LastSwiftUpdateCheck = 1320;
				LastUpgradeCheck = 1320;
				TargetAttributes = {
					89EC43C0288E71A400E4EFFA = {
						CreatedOnToolsVersion = 13.2.1;
					};
					89EC43D6288E71A500E4EFFA = {
						CreatedOnToolsVersion = 13.2.1;
						TestTargetID = 89EC43C0288E71A400E4EFFA;
					};
					89EC43E0288E71A500E4EFFA = {
						CreatedOnToolsVersion = 13.2.1;
						TestTargetID = 89EC43C0288E71A400E4EFFA;
					};
				};
			};
			buildConfigurationList = 89EC43BC288E71A400E4EFFA /* Build configuration list for PBXProject "Movie List" */;
			compatibilityVersion = "Xcode 13.0";
			developmentRegion = en;
			hasScannedForEncodings = 0;
			knownRegions = (
				en,
				Base,
			);
			mainGroup = 89EC43B8288E71A400E4EFFA;
			productRefGroup = 89EC43C2288E71A400E4EFFA /* Products */;
			projectDirPath = "";
			projectRoot = "";
			targets = (
				89EC43C0288E71A400E4EFFA /* Movie List */,
				89EC43D6288E71A500E4EFFA /* Movie ListTests */,
				89EC43E0288E71A500E4EFFA /* Movie ListUITests */,
			);
		};
/* End PBXProject section */

/* Begin PBXResourcesBuildPhase section */
		89EC43BF288E71A400E4EFFA /* Resources */ = {
			isa = PBXResourcesBuildPhase;
			buildActionMask = 2147483647;
			files = (
				85D5BD3A2ADF0C6900AE32E4 /* CartTotalTableViewCell.xib in Resources */,
				85D5BD322ADF0C3900AE32E4 /* CartTableViewCell.xib in Resources */,
				852679692AE01A4900F061B3 /* MockMovieResponse.json in Resources */,
				89EC43D1288E71A500E4EFFA /* LaunchScreen.storyboard in Resources */,
				89EC43CE288E71A500E4EFFA /* Assets.xcassets in Resources */,
				89EEDFFB288EF93B0079E7C4 /* MovieTableViewCell.xib in Resources */,
				89EC43CC288E71A400E4EFFA /* Main.storyboard in Resources */,
			);
			runOnlyForDeploymentPostprocessing = 0;
		};
		89EC43D5288E71A500E4EFFA /* Resources */ = {
			isa = PBXResourcesBuildPhase;
			buildActionMask = 2147483647;
			files = (
				8526796A2AE01A4A00F061B3 /* MockMovieResponse.json in Resources */,
			);
			runOnlyForDeploymentPostprocessing = 0;
		};
		89EC43DF288E71A500E4EFFA /* Resources */ = {
			isa = PBXResourcesBuildPhase;
			buildActionMask = 2147483647;
			files = (
			);
			runOnlyForDeploymentPostprocessing = 0;
		};
/* End PBXResourcesBuildPhase section */

/* Begin PBXSourcesBuildPhase section */
		89EC43BD288E71A400E4EFFA /* Sources */ = {
			isa = PBXSourcesBuildPhase;
			buildActionMask = 2147483647;
			files = (
				85D5BD212ADEC4DE00AE32E4 /* BadgeView.swift in Sources */,
				894AE765288EC38B00C19150 /* HTTPNetworkRequest.swift in Sources */,
				85D5BD312ADF0C3900AE32E4 /* CartTableViewCell.swift in Sources */,
				894AE777288ED07300C19150 /* MovieInfo.swift in Sources */,
				85FCB21A2ADFD40A009F4B19 /* AuthCoordinator.swift in Sources */,
				89EEDFFA288EF93B0079E7C4 /* MovieTableViewCell.swift in Sources */,
				89EC43C9288E71A400E4EFFA /* ViewController.swift in Sources */,
				894AE772288EC51D00C19150 /* Log.swift in Sources */,
				894AE763288EC36500C19150 /* HTTPNetworkError.swift in Sources */,
				85D5BD1B2ADEBADD00AE32E4 /* AppCoordinator.swift in Sources */,
				85D5BD1F2ADEBB2400AE32E4 /* CartCoordinator.swift in Sources */,
				894AE769288EC3DC00C19150 /* URLEncoder.swift in Sources */,
				89EEDFF7288EEC460079E7C4 /* Bindable.swift in Sources */,
				85FCB2162ADFCBF3009F4B19 /* AuthViewModel.swift in Sources */,
				89EC43C5288E71A400E4EFFA /* AppDelegate.swift in Sources */,
				85D5BD252ADEDBB700AE32E4 /* MoviewDetailsViewController.swift in Sources */,
				894AE75F288EC31600C19150 /* HTTPNetworkRoute.swift in Sources */,
				85D5BD282ADEDD9500AE32E4 /* DetailCoordinator.swift in Sources */,
				85FCB2182ADFCC01009F4B19 /* AuthValidator.swift in Sources */,
				894AE76B288EC40200C19150 /* Result.swift in Sources */,
				85D5BD2E2ADF0BA200AE32E4 /* CartViewController.swift in Sources */,
				894AE767288EC3B200C19150 /* HTTPNetworkResponse.swift in Sources */,
				85A6E3F02AE0588F00F2F141 /* MovieDataModel.xcdatamodeld in Sources */,
				85A6E3F32AE05D1E00F2F141 /* DataRepository.swift in Sources */,
				85D5BD192ADEBAC900AE32E4 /* Coordinator.swift in Sources */,
				894AE76F288EC44D00C19150 /* ClientServiceHelper.swift in Sources */,
				85D5BD2B2ADF085100AE32E4 /* CartManager.swift in Sources */,
				89EEDFF5288EEC110079E7C4 /* MovieViewModel.swift in Sources */,
				894AE761288EC34000C19150 /* HTTPMethod.swift in Sources */,
				852679632AE0065900F061B3 /* NetworkMonitor.swift in Sources */,
				894AE774288EC57900C19150 /* Constants.swift in Sources */,
				89EEDFFD288EFFB90079E7C4 /* Extensions.swift in Sources */,
				894AE76D288EC42700C19150 /* ClientService.swift in Sources */,
				89EC43C7288E71A400E4EFFA /* SceneDelegate.swift in Sources */,
				85D5BD392ADF0C6900AE32E4 /* CartTotalTableViewCell.swift in Sources */,
				85D5BD1D2ADEBB1800AE32E4 /* HomeCoordinator.swift in Sources */,
				85FCB2132ADFCAAD009F4B19 /* AuthViewController.swift in Sources */,
			);
			runOnlyForDeploymentPostprocessing = 0;
		};
		89EC43D3288E71A500E4EFFA /* Sources */ = {
			isa = PBXSourcesBuildPhase;
			buildActionMask = 2147483647;
			files = (
				85A6E3C62AE04C0200F2F141 /* PerformanceTest.swift in Sources */,
				852679672AE00E9100F061B3 /* MockAPICall.swift in Sources */,
				852679612ADFF54400F061B3 /* AuthConfirmationUnitTest.swift in Sources */,
				85B337AE2AE12F8000C4455A /* IntegrationTesting.swift in Sources */,
				852679652AE00B9100F061B3 /* NetowrkTestUnitTest.swift in Sources */,
				85FCB21C2ADFEFD2009F4B19 /* AuthUnitTest.swift in Sources */,
			);
			runOnlyForDeploymentPostprocessing = 0;
		};
		89EC43DD288E71A500E4EFFA /* Sources */ = {
			isa = PBXSourcesBuildPhase;
			buildActionMask = 2147483647;
			files = (
				89EC43E6288E71A500E4EFFA /* MovieListAuthUITest.swift in Sources */,
				89EC43E8288E71A500E4EFFA /* Movie_ListUITestsLaunchTests.swift in Sources */,
			);
			runOnlyForDeploymentPostprocessing = 0;
		};
/* End PBXSourcesBuildPhase section */

/* Begin PBXTargetDependency section */
		89EC43D9288E71A500E4EFFA /* PBXTargetDependency */ = {
			isa = PBXTargetDependency;
			target = 89EC43C0288E71A400E4EFFA /* Movie List */;
			targetProxy = 89EC43D8288E71A500E4EFFA /* PBXContainerItemProxy */;
		};
		89EC43E3288E71A500E4EFFA /* PBXTargetDependency */ = {
			isa = PBXTargetDependency;
			target = 89EC43C0288E71A400E4EFFA /* Movie List */;
			targetProxy = 89EC43E2288E71A500E4EFFA /* PBXContainerItemProxy */;
		};
/* End PBXTargetDependency section */

/* Begin PBXVariantGroup section */
		89EC43CA288E71A400E4EFFA /* Main.storyboard */ = {
			isa = PBXVariantGroup;
			children = (
				89EC43CB288E71A400E4EFFA /* Base */,
			);
			name = Main.storyboard;
			sourceTree = "<group>";
		};
		89EC43CF288E71A500E4EFFA /* LaunchScreen.storyboard */ = {
			isa = PBXVariantGroup;
			children = (
				89EC43D0288E71A500E4EFFA /* Base */,
			);
			name = LaunchScreen.storyboard;
			sourceTree = "<group>";
		};
/* End PBXVariantGroup section */

/* Begin XCBuildConfiguration section */
		89EC43E9288E71A500E4EFFA /* Debug */ = {
			isa = XCBuildConfiguration;
			buildSettings = {
				ALWAYS_SEARCH_USER_PATHS = NO;
				CLANG_ANALYZER_NONNULL = YES;
				CLANG_ANALYZER_NUMBER_OBJECT_CONVERSION = YES_AGGRESSIVE;
				CLANG_CXX_LANGUAGE_STANDARD = "gnu++17";
				CLANG_CXX_LIBRARY = "libc++";
				CLANG_ENABLE_MODULES = YES;
				CLANG_ENABLE_OBJC_ARC = YES;
				CLANG_ENABLE_OBJC_WEAK = YES;
				CLANG_WARN_BLOCK_CAPTURE_AUTORELEASING = YES;
				CLANG_WARN_BOOL_CONVERSION = YES;
				CLANG_WARN_COMMA = YES;
				CLANG_WARN_CONSTANT_CONVERSION = YES;
				CLANG_WARN_DEPRECATED_OBJC_IMPLEMENTATIONS = YES;
				CLANG_WARN_DIRECT_OBJC_ISA_USAGE = YES_ERROR;
				CLANG_WARN_DOCUMENTATION_COMMENTS = YES;
				CLANG_WARN_EMPTY_BODY = YES;
				CLANG_WARN_ENUM_CONVERSION = YES;
				CLANG_WARN_INFINITE_RECURSION = YES;
				CLANG_WARN_INT_CONVERSION = YES;
				CLANG_WARN_NON_LITERAL_NULL_CONVERSION = YES;
				CLANG_WARN_OBJC_IMPLICIT_RETAIN_SELF = YES;
				CLANG_WARN_OBJC_LITERAL_CONVERSION = YES;
				CLANG_WARN_OBJC_ROOT_CLASS = YES_ERROR;
				CLANG_WARN_QUOTED_INCLUDE_IN_FRAMEWORK_HEADER = YES;
				CLANG_WARN_RANGE_LOOP_ANALYSIS = YES;
				CLANG_WARN_STRICT_PROTOTYPES = YES;
				CLANG_WARN_SUSPICIOUS_MOVE = YES;
				CLANG_WARN_UNGUARDED_AVAILABILITY = YES_AGGRESSIVE;
				CLANG_WARN_UNREACHABLE_CODE = YES;
				CLANG_WARN__DUPLICATE_METHOD_MATCH = YES;
				COPY_PHASE_STRIP = NO;
				DEBUG_INFORMATION_FORMAT = dwarf;
				ENABLE_STRICT_OBJC_MSGSEND = YES;
				ENABLE_TESTABILITY = YES;
				GCC_C_LANGUAGE_STANDARD = gnu11;
				GCC_DYNAMIC_NO_PIC = NO;
				GCC_NO_COMMON_BLOCKS = YES;
				GCC_OPTIMIZATION_LEVEL = 0;
				GCC_PREPROCESSOR_DEFINITIONS = (
					"DEBUG=1",
					"$(inherited)",
				);
				GCC_WARN_64_TO_32_BIT_CONVERSION = YES;
				GCC_WARN_ABOUT_RETURN_TYPE = YES_ERROR;
				GCC_WARN_UNDECLARED_SELECTOR = YES;
				GCC_WARN_UNINITIALIZED_AUTOS = YES_AGGRESSIVE;
				GCC_WARN_UNUSED_FUNCTION = YES;
				GCC_WARN_UNUSED_VARIABLE = YES;
				IPHONEOS_DEPLOYMENT_TARGET = 13.0;
				MTL_ENABLE_DEBUG_INFO = INCLUDE_SOURCE;
				MTL_FAST_MATH = YES;
				ONLY_ACTIVE_ARCH = YES;
				SDKROOT = iphoneos;
				SWIFT_ACTIVE_COMPILATION_CONDITIONS = DEBUG;
				SWIFT_OPTIMIZATION_LEVEL = "-Onone";
			};
			name = Debug;
		};
		89EC43EA288E71A500E4EFFA /* Release */ = {
			isa = XCBuildConfiguration;
			buildSettings = {
				ALWAYS_SEARCH_USER_PATHS = NO;
				CLANG_ANALYZER_NONNULL = YES;
				CLANG_ANALYZER_NUMBER_OBJECT_CONVERSION = YES_AGGRESSIVE;
				CLANG_CXX_LANGUAGE_STANDARD = "gnu++17";
				CLANG_CXX_LIBRARY = "libc++";
				CLANG_ENABLE_MODULES = YES;
				CLANG_ENABLE_OBJC_ARC = YES;
				CLANG_ENABLE_OBJC_WEAK = YES;
				CLANG_WARN_BLOCK_CAPTURE_AUTORELEASING = YES;
				CLANG_WARN_BOOL_CONVERSION = YES;
				CLANG_WARN_COMMA = YES;
				CLANG_WARN_CONSTANT_CONVERSION = YES;
				CLANG_WARN_DEPRECATED_OBJC_IMPLEMENTATIONS = YES;
				CLANG_WARN_DIRECT_OBJC_ISA_USAGE = YES_ERROR;
				CLANG_WARN_DOCUMENTATION_COMMENTS = YES;
				CLANG_WARN_EMPTY_BODY = YES;
				CLANG_WARN_ENUM_CONVERSION = YES;
				CLANG_WARN_INFINITE_RECURSION = YES;
				CLANG_WARN_INT_CONVERSION = YES;
				CLANG_WARN_NON_LITERAL_NULL_CONVERSION = YES;
				CLANG_WARN_OBJC_IMPLICIT_RETAIN_SELF = YES;
				CLANG_WARN_OBJC_LITERAL_CONVERSION = YES;
				CLANG_WARN_OBJC_ROOT_CLASS = YES_ERROR;
				CLANG_WARN_QUOTED_INCLUDE_IN_FRAMEWORK_HEADER = YES;
				CLANG_WARN_RANGE_LOOP_ANALYSIS = YES;
				CLANG_WARN_STRICT_PROTOTYPES = YES;
				CLANG_WARN_SUSPICIOUS_MOVE = YES;
				CLANG_WARN_UNGUARDED_AVAILABILITY = YES_AGGRESSIVE;
				CLANG_WARN_UNREACHABLE_CODE = YES;
				CLANG_WARN__DUPLICATE_METHOD_MATCH = YES;
				COPY_PHASE_STRIP = NO;
				DEBUG_INFORMATION_FORMAT = "dwarf-with-dsym";
				ENABLE_NS_ASSERTIONS = NO;
				ENABLE_STRICT_OBJC_MSGSEND = YES;
				GCC_C_LANGUAGE_STANDARD = gnu11;
				GCC_NO_COMMON_BLOCKS = YES;
				GCC_WARN_64_TO_32_BIT_CONVERSION = YES;
				GCC_WARN_ABOUT_RETURN_TYPE = YES_ERROR;
				GCC_WARN_UNDECLARED_SELECTOR = YES;
				GCC_WARN_UNINITIALIZED_AUTOS = YES_AGGRESSIVE;
				GCC_WARN_UNUSED_FUNCTION = YES;
				GCC_WARN_UNUSED_VARIABLE = YES;
				IPHONEOS_DEPLOYMENT_TARGET = 13.0;
				MTL_ENABLE_DEBUG_INFO = NO;
				MTL_FAST_MATH = YES;
				SDKROOT = iphoneos;
				SWIFT_COMPILATION_MODE = wholemodule;
				SWIFT_OPTIMIZATION_LEVEL = "-O";
				VALIDATE_PRODUCT = YES;
			};
			name = Release;
		};
		89EC43EC288E71A500E4EFFA /* Debug */ = {
			isa = XCBuildConfiguration;
			buildSettings = {
				ASSETCATALOG_COMPILER_APPICON_NAME = AppIcon;
				ASSETCATALOG_COMPILER_GLOBAL_ACCENT_COLOR_NAME = AccentColor;
				CODE_SIGN_STYLE = Automatic;
				CURRENT_PROJECT_VERSION = 1;
				DEVELOPMENT_TEAM = 2BL4KQW6R5;
				GENERATE_INFOPLIST_FILE = YES;
				INFOPLIST_FILE = "Movie List/Info.plist";
				INFOPLIST_KEY_UIApplicationSupportsIndirectInputEvents = YES;
				INFOPLIST_KEY_UILaunchStoryboardName = LaunchScreen;
				INFOPLIST_KEY_UIMainStoryboardFile = Main;
				INFOPLIST_KEY_UISupportedInterfaceOrientations_iPad = "UIInterfaceOrientationPortrait UIInterfaceOrientationPortraitUpsideDown UIInterfaceOrientationLandscapeLeft UIInterfaceOrientationLandscapeRight";
				INFOPLIST_KEY_UISupportedInterfaceOrientations_iPhone = "UIInterfaceOrientationPortrait UIInterfaceOrientationLandscapeLeft UIInterfaceOrientationLandscapeRight";
				IPHONEOS_DEPLOYMENT_TARGET = 13.0;
				LD_RUNPATH_SEARCH_PATHS = (
					"$(inherited)",
					"@executable_path/Frameworks",
				);
				MARKETING_VERSION = 1.0;
				PRODUCT_BUNDLE_IDENTIFIER = "com.hadi.Movie-List";
				PRODUCT_NAME = "$(TARGET_NAME)";
				SWIFT_EMIT_LOC_STRINGS = YES;
				SWIFT_VERSION = 5.0;
				TARGETED_DEVICE_FAMILY = "1,2";
			};
			name = Debug;
		};
		89EC43ED288E71A500E4EFFA /* Release */ = {
			isa = XCBuildConfiguration;
			buildSettings = {
				ASSETCATALOG_COMPILER_APPICON_NAME = AppIcon;
				ASSETCATALOG_COMPILER_GLOBAL_ACCENT_COLOR_NAME = AccentColor;
				CODE_SIGN_STYLE = Automatic;
				CURRENT_PROJECT_VERSION = 1;
				DEVELOPMENT_TEAM = 2BL4KQW6R5;
				GENERATE_INFOPLIST_FILE = YES;
				INFOPLIST_FILE = "Movie List/Info.plist";
				INFOPLIST_KEY_UIApplicationSupportsIndirectInputEvents = YES;
				INFOPLIST_KEY_UILaunchStoryboardName = LaunchScreen;
				INFOPLIST_KEY_UIMainStoryboardFile = Main;
				INFOPLIST_KEY_UISupportedInterfaceOrientations_iPad = "UIInterfaceOrientationPortrait UIInterfaceOrientationPortraitUpsideDown UIInterfaceOrientationLandscapeLeft UIInterfaceOrientationLandscapeRight";
				INFOPLIST_KEY_UISupportedInterfaceOrientations_iPhone = "UIInterfaceOrientationPortrait UIInterfaceOrientationLandscapeLeft UIInterfaceOrientationLandscapeRight";
				IPHONEOS_DEPLOYMENT_TARGET = 13.0;
				LD_RUNPATH_SEARCH_PATHS = (
					"$(inherited)",
					"@executable_path/Frameworks",
				);
				MARKETING_VERSION = 1.0;
				PRODUCT_BUNDLE_IDENTIFIER = "com.hadi.Movie-List";
				PRODUCT_NAME = "$(TARGET_NAME)";
				SWIFT_EMIT_LOC_STRINGS = YES;
				SWIFT_VERSION = 5.0;
				TARGETED_DEVICE_FAMILY = "1,2";
			};
			name = Release;
		};
		89EC43EF288E71A500E4EFFA /* Debug */ = {
			isa = XCBuildConfiguration;
			buildSettings = {
				ALWAYS_EMBED_SWIFT_STANDARD_LIBRARIES = YES;
				BUNDLE_LOADER = "$(TEST_HOST)";
				CODE_SIGN_STYLE = Automatic;
				CURRENT_PROJECT_VERSION = 1;
				DEVELOPMENT_TEAM = 2BL4KQW6R5;
				GENERATE_INFOPLIST_FILE = YES;
				IPHONEOS_DEPLOYMENT_TARGET = 15.2;
				MARKETING_VERSION = 1.0;
				PRODUCT_BUNDLE_IDENTIFIER = "com.hadi.Movie-ListTests";
				PRODUCT_NAME = "$(TARGET_NAME)";
				SWIFT_EMIT_LOC_STRINGS = NO;
				SWIFT_VERSION = 5.0;
				TARGETED_DEVICE_FAMILY = "1,2";
				TEST_HOST = "$(BUILT_PRODUCTS_DIR)/Movie List.app/Movie List";
			};
			name = Debug;
		};
		89EC43F0288E71A500E4EFFA /* Release */ = {
			isa = XCBuildConfiguration;
			buildSettings = {
				ALWAYS_EMBED_SWIFT_STANDARD_LIBRARIES = YES;
				BUNDLE_LOADER = "$(TEST_HOST)";
				CODE_SIGN_STYLE = Automatic;
				CURRENT_PROJECT_VERSION = 1;
				DEVELOPMENT_TEAM = 2BL4KQW6R5;
				GENERATE_INFOPLIST_FILE = YES;
				IPHONEOS_DEPLOYMENT_TARGET = 15.2;
				MARKETING_VERSION = 1.0;
				PRODUCT_BUNDLE_IDENTIFIER = "com.hadi.Movie-ListTests";
				PRODUCT_NAME = "$(TARGET_NAME)";
				SWIFT_EMIT_LOC_STRINGS = NO;
				SWIFT_VERSION = 5.0;
				TARGETED_DEVICE_FAMILY = "1,2";
				TEST_HOST = "$(BUILT_PRODUCTS_DIR)/Movie List.app/Movie List";
			};
			name = Release;
		};
		89EC43F2288E71A500E4EFFA /* Debug */ = {
			isa = XCBuildConfiguration;
			buildSettings = {
				ALWAYS_EMBED_SWIFT_STANDARD_LIBRARIES = YES;
				CODE_SIGN_STYLE = Automatic;
				CURRENT_PROJECT_VERSION = 1;
				DEVELOPMENT_TEAM = 2BL4KQW6R5;
				GENERATE_INFOPLIST_FILE = YES;
				MARKETING_VERSION = 1.0;
				PRODUCT_BUNDLE_IDENTIFIER = "com.hadi.Movie-ListUITests";
				PRODUCT_NAME = "$(TARGET_NAME)";
				SWIFT_EMIT_LOC_STRINGS = NO;
				SWIFT_VERSION = 5.0;
				TARGETED_DEVICE_FAMILY = "1,2";
				TEST_TARGET_NAME = "Movie List";
			};
			name = Debug;
		};
		89EC43F3288E71A500E4EFFA /* Release */ = {
			isa = XCBuildConfiguration;
			buildSettings = {
				ALWAYS_EMBED_SWIFT_STANDARD_LIBRARIES = YES;
				CODE_SIGN_STYLE = Automatic;
				CURRENT_PROJECT_VERSION = 1;
				DEVELOPMENT_TEAM = 2BL4KQW6R5;
				GENERATE_INFOPLIST_FILE = YES;
				MARKETING_VERSION = 1.0;
				PRODUCT_BUNDLE_IDENTIFIER = "com.hadi.Movie-ListUITests";
				PRODUCT_NAME = "$(TARGET_NAME)";
				SWIFT_EMIT_LOC_STRINGS = NO;
				SWIFT_VERSION = 5.0;
				TARGETED_DEVICE_FAMILY = "1,2";
				TEST_TARGET_NAME = "Movie List";
			};
			name = Release;
		};
/* End XCBuildConfiguration section */

/* Begin XCConfigurationList section */
		89EC43BC288E71A400E4EFFA /* Build configuration list for PBXProject "Movie List" */ = {
			isa = XCConfigurationList;
			buildConfigurations = (
				89EC43E9288E71A500E4EFFA /* Debug */,
				89EC43EA288E71A500E4EFFA /* Release */,
			);
			defaultConfigurationIsVisible = 0;
			defaultConfigurationName = Release;
		};
		89EC43EB288E71A500E4EFFA /* Build configuration list for PBXNativeTarget "Movie List" */ = {
			isa = XCConfigurationList;
			buildConfigurations = (
				89EC43EC288E71A500E4EFFA /* Debug */,
				89EC43ED288E71A500E4EFFA /* Release */,
			);
			defaultConfigurationIsVisible = 0;
			defaultConfigurationName = Release;
		};
		89EC43EE288E71A500E4EFFA /* Build configuration list for PBXNativeTarget "Movie ListTests" */ = {
			isa = XCConfigurationList;
			buildConfigurations = (
				89EC43EF288E71A500E4EFFA /* Debug */,
				89EC43F0288E71A500E4EFFA /* Release */,
			);
			defaultConfigurationIsVisible = 0;
			defaultConfigurationName = Release;
		};
		89EC43F1288E71A500E4EFFA /* Build configuration list for PBXNativeTarget "Movie ListUITests" */ = {
			isa = XCConfigurationList;
			buildConfigurations = (
				89EC43F2288E71A500E4EFFA /* Debug */,
				89EC43F3288E71A500E4EFFA /* Release */,
			);
			defaultConfigurationIsVisible = 0;
			defaultConfigurationName = Release;
		};
/* End XCConfigurationList section */

/* Begin XCVersionGroup section */
		85A6E3EE2AE0588F00F2F141 /* MovieDataModel.xcdatamodeld */ = {
			isa = XCVersionGroup;
			children = (
				85A6E3EF2AE0588F00F2F141 /* MovieDataModel.xcdatamodel */,
			);
			currentVersion = 85A6E3EF2AE0588F00F2F141 /* MovieDataModel.xcdatamodel */;
			path = MovieDataModel.xcdatamodeld;
			sourceTree = "<group>";
			versionGroupType = wrapper.xcdatamodel;
		};
/* End XCVersionGroup section */
	};
	rootObject = 89EC43B9288E71A400E4EFFA /* Project object */;
}
