// !$*UTF8*$!
{
	archiveVersion = 1;
	classes = {
	};
	objectVersion = 56;
	objects = {

/* Begin PBXBuildFile section */
		893509482A948E7F0012E5AE /* MockURLProtocol.swift in Sources */ = {isa = PBXBuildFile; fileRef = 893509472A948E7F0012E5AE /* MockURLProtocol.swift */; };
		89525BB32A94AAB10059A0D1 /* LoginTest.swift in Sources */ = {isa = PBXBuildFile; fileRef = 89525BB22A94AAB10059A0D1 /* LoginTest.swift */; };
		89525BB52A94AE350059A0D1 /* LoginTestMock.swift in Sources */ = {isa = PBXBuildFile; fileRef = 89525BB42A94AE350059A0D1 /* LoginTestMock.swift */; };
		89525BBD2A94B4A20059A0D1 /* LoginScreenUITests.swift in Sources */ = {isa = PBXBuildFile; fileRef = 89525BBC2A94B4A20059A0D1 /* LoginScreenUITests.swift */; };
		89525BBF2A94B4A20059A0D1 /* LoginScreenUITestsLaunchTests.swift in Sources */ = {isa = PBXBuildFile; fileRef = 89525BBE2A94B4A20059A0D1 /* LoginScreenUITestsLaunchTests.swift */; };
		898111C32A949BF20002E424 /* TestingDemoTests.swift in Sources */ = {isa = PBXBuildFile; fileRef = 898111C22A949BF20002E424 /* TestingDemoTests.swift */; };
		89F745942A945D890029B6D0 /* AppDelegate.swift in Sources */ = {isa = PBXBuildFile; fileRef = 89F745932A945D890029B6D0 /* AppDelegate.swift */; };
		89F745962A945D890029B6D0 /* SceneDelegate.swift in Sources */ = {isa = PBXBuildFile; fileRef = 89F745952A945D890029B6D0 /* SceneDelegate.swift */; };
		89F745982A945D890029B6D0 /* ViewController.swift in Sources */ = {isa = PBXBuildFile; fileRef = 89F745972A945D890029B6D0 /* ViewController.swift */; };
		89F7459B2A945D890029B6D0 /* Main.storyboard in Resources */ = {isa = PBXBuildFile; fileRef = 89F745992A945D890029B6D0 /* Main.storyboard */; };
		89F7459D2A945D8A0029B6D0 /* Assets.xcassets in Resources */ = {isa = PBXBuildFile; fileRef = 89F7459C2A945D8A0029B6D0 /* Assets.xcassets */; };
		89F745A02A945D8A0029B6D0 /* LaunchScreen.storyboard in Resources */ = {isa = PBXBuildFile; fileRef = 89F7459E2A945D8A0029B6D0 /* LaunchScreen.storyboard */; };
		89F745A82A945E250029B6D0 /* LoginValidator.swift in Sources */ = {isa = PBXBuildFile; fileRef = 89F745A72A945E250029B6D0 /* LoginValidator.swift */; };
		89F745AA2A945E6A0029B6D0 /* Constant.swift in Sources */ = {isa = PBXBuildFile; fileRef = 89F745A92A945E6A0029B6D0 /* Constant.swift */; };
		89F745AE2A945F5A0029B6D0 /* LoginVC.swift in Sources */ = {isa = PBXBuildFile; fileRef = 89F745AD2A945F5A0029B6D0 /* LoginVC.swift */; };
		89F745B02A9476390029B6D0 /* SignupWebService.swift in Sources */ = {isa = PBXBuildFile; fileRef = 89F745AF2A9476390029B6D0 /* SignupWebService.swift */; };
		89F745B22A9476F20029B6D0 /* SignupModel.swift in Sources */ = {isa = PBXBuildFile; fileRef = 89F745B12A9476F20029B6D0 /* SignupModel.swift */; };
		89F745B42A9476FA0029B6D0 /* SignupError.swift in Sources */ = {isa = PBXBuildFile; fileRef = 89F745B32A9476FA0029B6D0 /* SignupError.swift */; };
/* End PBXBuildFile section */

/* Begin PBXContainerItemProxy section */
		89525BC02A94B4A20059A0D1 /* PBXContainerItemProxy */ = {
			isa = PBXContainerItemProxy;
			containerPortal = 89F745882A945D890029B6D0 /* Project object */;
			proxyType = 1;
			remoteGlobalIDString = 89F7458F2A945D890029B6D0;
			remoteInfo = TestingDemo;
		};
		898111C42A949BF20002E424 /* PBXContainerItemProxy */ = {
			isa = PBXContainerItemProxy;
			containerPortal = 89F745882A945D890029B6D0 /* Project object */;
			proxyType = 1;
			remoteGlobalIDString = 89F7458F2A945D890029B6D0;
			remoteInfo = TestingDemo;
		};
/* End PBXContainerItemProxy section */

/* Begin PBXFileReference section */
		893509472A948E7F0012E5AE /* MockURLProtocol.swift */ = {isa = PBXFileReference; fileEncoding = 4; lastKnownFileType = sourcecode.swift; path = MockURLProtocol.swift; sourceTree = "<group>"; };
		89525BB22A94AAB10059A0D1 /* LoginTest.swift */ = {isa = PBXFileReference; lastKnownFileType = sourcecode.swift; path = LoginTest.swift; sourceTree = "<group>"; };
		89525BB42A94AE350059A0D1 /* LoginTestMock.swift */ = {isa = PBXFileReference; lastKnownFileType = sourcecode.swift; path = LoginTestMock.swift; sourceTree = "<group>"; };
		89525BBA2A94B4A20059A0D1 /* LoginScreenUITests.xctest */ = {isa = PBXFileReference; explicitFileType = wrapper.cfbundle; includeInIndex = 0; path = LoginScreenUITests.xctest; sourceTree = BUILT_PRODUCTS_DIR; };
		89525BBC2A94B4A20059A0D1 /* LoginScreenUITests.swift */ = {isa = PBXFileReference; lastKnownFileType = sourcecode.swift; path = LoginScreenUITests.swift; sourceTree = "<group>"; };
		89525BBE2A94B4A20059A0D1 /* LoginScreenUITestsLaunchTests.swift */ = {isa = PBXFileReference; lastKnownFileType = sourcecode.swift; path = LoginScreenUITestsLaunchTests.swift; sourceTree = "<group>"; };
		898111C02A949BF20002E424 /* TestingDemoTests.xctest */ = {isa = PBXFileReference; explicitFileType = wrapper.cfbundle; includeInIndex = 0; path = TestingDemoTests.xctest; sourceTree = BUILT_PRODUCTS_DIR; };
		898111C22A949BF20002E424 /* TestingDemoTests.swift */ = {isa = PBXFileReference; lastKnownFileType = sourcecode.swift; path = TestingDemoTests.swift; sourceTree = "<group>"; };
		89C049132A94C43800A25FA2 /* TestingDemo.xctestplan */ = {isa = PBXFileReference; lastKnownFileType = text; path = TestingDemo.xctestplan; sourceTree = "<group>"; };
		89F745902A945D890029B6D0 /* TestingDemo.app */ = {isa = PBXFileReference; explicitFileType = wrapper.application; includeInIndex = 0; path = TestingDemo.app; sourceTree = BUILT_PRODUCTS_DIR; };
		89F745932A945D890029B6D0 /* AppDelegate.swift */ = {isa = PBXFileReference; lastKnownFileType = sourcecode.swift; path = AppDelegate.swift; sourceTree = "<group>"; };
		89F745952A945D890029B6D0 /* SceneDelegate.swift */ = {isa = PBXFileReference; lastKnownFileType = sourcecode.swift; path = SceneDelegate.swift; sourceTree = "<group>"; };
		89F745972A945D890029B6D0 /* ViewController.swift */ = {isa = PBXFileReference; lastKnownFileType = sourcecode.swift; path = ViewController.swift; sourceTree = "<group>"; };
		89F7459A2A945D890029B6D0 /* Base */ = {isa = PBXFileReference; lastKnownFileType = file.storyboard; name = Base; path = Base.lproj/Main.storyboard; sourceTree = "<group>"; };
		89F7459C2A945D8A0029B6D0 /* Assets.xcassets */ = {isa = PBXFileReference; lastKnownFileType = folder.assetcatalog; path = Assets.xcassets; sourceTree = "<group>"; };
		89F7459F2A945D8A0029B6D0 /* Base */ = {isa = PBXFileReference; lastKnownFileType = file.storyboard; name = Base; path = Base.lproj/LaunchScreen.storyboard; sourceTree = "<group>"; };
		89F745A12A945D8A0029B6D0 /* Info.plist */ = {isa = PBXFileReference; lastKnownFileType = text.plist.xml; path = Info.plist; sourceTree = "<group>"; };
		89F745A72A945E250029B6D0 /* LoginValidator.swift */ = {isa = PBXFileReference; lastKnownFileType = sourcecode.swift; path = LoginValidator.swift; sourceTree = "<group>"; };
		89F745A92A945E6A0029B6D0 /* Constant.swift */ = {isa = PBXFileReference; lastKnownFileType = sourcecode.swift; path = Constant.swift; sourceTree = "<group>"; };
		89F745AD2A945F5A0029B6D0 /* LoginVC.swift */ = {isa = PBXFileReference; lastKnownFileType = sourcecode.swift; path = LoginVC.swift; sourceTree = "<group>"; };
		89F745AF2A9476390029B6D0 /* SignupWebService.swift */ = {isa = PBXFileReference; fileEncoding = 4; lastKnownFileType = sourcecode.swift; path = SignupWebService.swift; sourceTree = "<group>"; };
		89F745B12A9476F20029B6D0 /* SignupModel.swift */ = {isa = PBXFileReference; fileEncoding = 4; lastKnownFileType = sourcecode.swift; path = SignupModel.swift; sourceTree = "<group>"; };
		89F745B32A9476FA0029B6D0 /* SignupError.swift */ = {isa = PBXFileReference; fileEncoding = 4; lastKnownFileType = sourcecode.swift; path = SignupError.swift; sourceTree = "<group>"; };
/* End PBXFileReference section */

/* Begin PBXFrameworksBuildPhase section */
		89525BB72A94B4A20059A0D1 /* Frameworks */ = {
			isa = PBXFrameworksBuildPhase;
			buildActionMask = 2147483647;
			files = (
			);
			runOnlyForDeploymentPostprocessing = 0;
		};
		898111BD2A949BF20002E424 /* Frameworks */ = {
			isa = PBXFrameworksBuildPhase;
			buildActionMask = 2147483647;
			files = (
			);
			runOnlyForDeploymentPostprocessing = 0;
		};
		89F7458D2A945D890029B6D0 /* Frameworks */ = {
			isa = PBXFrameworksBuildPhase;
			buildActionMask = 2147483647;
			files = (
			);
			runOnlyForDeploymentPostprocessing = 0;
		};
/* End PBXFrameworksBuildPhase section */

/* Begin PBXGroup section */
		89525BBB2A94B4A20059A0D1 /* LoginScreenUITests */ = {
			isa = PBXGroup;
			children = (
				89525BBC2A94B4A20059A0D1 /* LoginScreenUITests.swift */,
				89525BBE2A94B4A20059A0D1 /* LoginScreenUITestsLaunchTests.swift */,
			);
			path = LoginScreenUITests;
			sourceTree = "<group>";
		};
		898111C12A949BF20002E424 /* TestingDemoTests */ = {
			isa = PBXGroup;
			children = (
				898111C22A949BF20002E424 /* TestingDemoTests.swift */,
				89525BB22A94AAB10059A0D1 /* LoginTest.swift */,
				89525BB42A94AE350059A0D1 /* LoginTestMock.swift */,
			);
			path = TestingDemoTests;
			sourceTree = "<group>";
		};
		89F745872A945D890029B6D0 = {
			isa = PBXGroup;
			children = (
				89C049132A94C43800A25FA2 /* TestingDemo.xctestplan */,
				89F745922A945D890029B6D0 /* TestingDemo */,
				898111C12A949BF20002E424 /* TestingDemoTests */,
				89525BBB2A94B4A20059A0D1 /* LoginScreenUITests */,
				89F745912A945D890029B6D0 /* Products */,
			);
			sourceTree = "<group>";
		};
		89F745912A945D890029B6D0 /* Products */ = {
			isa = PBXGroup;
			children = (
				89F745902A945D890029B6D0 /* TestingDemo.app */,
				898111C02A949BF20002E424 /* TestingDemoTests.xctest */,
				89525BBA2A94B4A20059A0D1 /* LoginScreenUITests.xctest */,
			);
			name = Products;
			sourceTree = "<group>";
		};
		89F745922A945D890029B6D0 /* TestingDemo */ = {
			isa = PBXGroup;
			children = (
				89F745932A945D890029B6D0 /* AppDelegate.swift */,
				89F745952A945D890029B6D0 /* SceneDelegate.swift */,
				89F745972A945D890029B6D0 /* ViewController.swift */,
				89F745A92A945E6A0029B6D0 /* Constant.swift */,
				89F745A72A945E250029B6D0 /* LoginValidator.swift */,
				89F745AD2A945F5A0029B6D0 /* LoginVC.swift */,
				89F745AF2A9476390029B6D0 /* SignupWebService.swift */,
				89F745B12A9476F20029B6D0 /* SignupModel.swift */,
				89F745B32A9476FA0029B6D0 /* SignupError.swift */,
				893509472A948E7F0012E5AE /* MockURLProtocol.swift */,
				89F745992A945D890029B6D0 /* Main.storyboard */,
				89F7459C2A945D8A0029B6D0 /* Assets.xcassets */,
				89F7459E2A945D8A0029B6D0 /* LaunchScreen.storyboard */,
				89F745A12A945D8A0029B6D0 /* Info.plist */,
			);
			path = TestingDemo;
			sourceTree = "<group>";
		};
/* End PBXGroup section */

/* Begin PBXNativeTarget section */
		89525BB92A94B4A20059A0D1 /* LoginScreenUITests */ = {
			isa = PBXNativeTarget;
			buildConfigurationList = 89525BC22A94B4A20059A0D1 /* Build configuration list for PBXNativeTarget "LoginScreenUITests" */;
			buildPhases = (
				89525BB62A94B4A20059A0D1 /* Sources */,
				89525BB72A94B4A20059A0D1 /* Frameworks */,
				89525BB82A94B4A20059A0D1 /* Resources */,
			);
			buildRules = (
			);
			dependencies = (
				89525BC12A94B4A20059A0D1 /* PBXTargetDependency */,
			);
			name = LoginScreenUITests;
			productName = LoginScreenUITests;
			productReference = 89525BBA2A94B4A20059A0D1 /* LoginScreenUITests.xctest */;
			productType = "com.apple.product-type.bundle.ui-testing";
		};
		898111BF2A949BF20002E424 /* TestingDemoTests */ = {
			isa = PBXNativeTarget;
			buildConfigurationList = 898111C82A949BF20002E424 /* Build configuration list for PBXNativeTarget "TestingDemoTests" */;
			buildPhases = (
				898111BC2A949BF20002E424 /* Sources */,
				898111BD2A949BF20002E424 /* Frameworks */,
				898111BE2A949BF20002E424 /* Resources */,
			);
			buildRules = (
			);
			dependencies = (
				898111C52A949BF20002E424 /* PBXTargetDependency */,
			);
			name = TestingDemoTests;
			productName = TestingDemoTests;
			productReference = 898111C02A949BF20002E424 /* TestingDemoTests.xctest */;
			productType = "com.apple.product-type.bundle.unit-test";
		};
		89F7458F2A945D890029B6D0 /* TestingDemo */ = {
			isa = PBXNativeTarget;
			buildConfigurationList = 89F745A42A945D8A0029B6D0 /* Build configuration list for PBXNativeTarget "TestingDemo" */;
			buildPhases = (
				89F7458C2A945D890029B6D0 /* Sources */,
				89F7458D2A945D890029B6D0 /* Frameworks */,
				89F7458E2A945D890029B6D0 /* Resources */,
			);
			buildRules = (
			);
			dependencies = (
			);
			name = TestingDemo;
			productName = TestingDemo;
			productReference = 89F745902A945D890029B6D0 /* TestingDemo.app */;
			productType = "com.apple.product-type.application";
		};
/* End PBXNativeTarget section */

/* Begin PBXProject section */
		89F745882A945D890029B6D0 /* Project object */ = {
			isa = PBXProject;
			attributes = {
				BuildIndependentTargetsInParallel = 1;
				LastSwiftUpdateCheck = 1430;
				LastUpgradeCheck = 1430;
				TargetAttributes = {
					89525BB92A94B4A20059A0D1 = {
						CreatedOnToolsVersion = 14.3;
						TestTargetID = 89F7458F2A945D890029B6D0;
					};
					898111BF2A949BF20002E424 = {
						CreatedOnToolsVersion = 14.3;
						TestTargetID = 89F7458F2A945D890029B6D0;
					};
					89F7458F2A945D890029B6D0 = {
						CreatedOnToolsVersion = 14.3;
					};
				};
			};
			buildConfigurationList = 89F7458B2A945D890029B6D0 /* Build configuration list for PBXProject "TestingDemo" */;
			compatibilityVersion = "Xcode 14.0";
			developmentRegion = en;
			hasScannedForEncodings = 0;
			knownRegions = (
				en,
				Base,
			);
			mainGroup = 89F745872A945D890029B6D0;
			productRefGroup = 89F745912A945D890029B6D0 /* Products */;
			projectDirPath = "";
			projectRoot = "";
			targets = (
				89F7458F2A945D890029B6D0 /* TestingDemo */,
				898111BF2A949BF20002E424 /* TestingDemoTests */,
				89525BB92A94B4A20059A0D1 /* LoginScreenUITests */,
			);
		};
/* End PBXProject section */

/* Begin PBXResourcesBuildPhase section */
		89525BB82A94B4A20059A0D1 /* Resources */ = {
			isa = PBXResourcesBuildPhase;
			buildActionMask = 2147483647;
			files = (
			);
			runOnlyForDeploymentPostprocessing = 0;
		};
		898111BE2A949BF20002E424 /* Resources */ = {
			isa = PBXResourcesBuildPhase;
			buildActionMask = 2147483647;
			files = (
			);
			runOnlyForDeploymentPostprocessing = 0;
		};
		89F7458E2A945D890029B6D0 /* Resources */ = {
			isa = PBXResourcesBuildPhase;
			buildActionMask = 2147483647;
			files = (
				89F745A02A945D8A0029B6D0 /* LaunchScreen.storyboard in Resources */,
				89F7459D2A945D8A0029B6D0 /* Assets.xcassets in Resources */,
				89F7459B2A945D890029B6D0 /* Main.storyboard in Resources */,
			);
			runOnlyForDeploymentPostprocessing = 0;
		};
/* End PBXResourcesBuildPhase section */

/* Begin PBXSourcesBuildPhase section */
		89525BB62A94B4A20059A0D1 /* Sources */ = {
			isa = PBXSourcesBuildPhase;
			buildActionMask = 2147483647;
			files = (
				89525BBF2A94B4A20059A0D1 /* LoginScreenUITestsLaunchTests.swift in Sources */,
				89525BBD2A94B4A20059A0D1 /* LoginScreenUITests.swift in Sources */,
			);
			runOnlyForDeploymentPostprocessing = 0;
		};
		898111BC2A949BF20002E424 /* Sources */ = {
			isa = PBXSourcesBuildPhase;
			buildActionMask = 2147483647;
			files = (
				898111C32A949BF20002E424 /* TestingDemoTests.swift in Sources */,
				89525BB32A94AAB10059A0D1 /* LoginTest.swift in Sources */,
				89525BB52A94AE350059A0D1 /* LoginTestMock.swift in Sources */,
			);
			runOnlyForDeploymentPostprocessing = 0;
		};
		89F7458C2A945D890029B6D0 /* Sources */ = {
			isa = PBXSourcesBuildPhase;
			buildActionMask = 2147483647;
			files = (
				89F745982A945D890029B6D0 /* ViewController.swift in Sources */,
				89F745B02A9476390029B6D0 /* SignupWebService.swift in Sources */,
				89F745B42A9476FA0029B6D0 /* SignupError.swift in Sources */,
				89F745942A945D890029B6D0 /* AppDelegate.swift in Sources */,
				89F745B22A9476F20029B6D0 /* SignupModel.swift in Sources */,
				89F745AE2A945F5A0029B6D0 /* LoginVC.swift in Sources */,
				89F745AA2A945E6A0029B6D0 /* Constant.swift in Sources */,
				893509482A948E7F0012E5AE /* MockURLProtocol.swift in Sources */,
				89F745A82A945E250029B6D0 /* LoginValidator.swift in Sources */,
				89F745962A945D890029B6D0 /* SceneDelegate.swift in Sources */,
			);
			runOnlyForDeploymentPostprocessing = 0;
		};
/* End PBXSourcesBuildPhase section */

/* Begin PBXTargetDependency section */
		89525BC12A94B4A20059A0D1 /* PBXTargetDependency */ = {
			isa = PBXTargetDependency;
			target = 89F7458F2A945D890029B6D0 /* TestingDemo */;
			targetProxy = 89525BC02A94B4A20059A0D1 /* PBXContainerItemProxy */;
		};
		898111C52A949BF20002E424 /* PBXTargetDependency */ = {
			isa = PBXTargetDependency;
			target = 89F7458F2A945D890029B6D0 /* TestingDemo */;
			targetProxy = 898111C42A949BF20002E424 /* PBXContainerItemProxy */;
		};
/* End PBXTargetDependency section */

/* Begin PBXVariantGroup section */
		89F745992A945D890029B6D0 /* Main.storyboard */ = {
			isa = PBXVariantGroup;
			children = (
				89F7459A2A945D890029B6D0 /* Base */,
			);
			name = Main.storyboard;
			sourceTree = "<group>";
		};
		89F7459E2A945D8A0029B6D0 /* LaunchScreen.storyboard */ = {
			isa = PBXVariantGroup;
			children = (
				89F7459F2A945D8A0029B6D0 /* Base */,
			);
			name = LaunchScreen.storyboard;
			sourceTree = "<group>";
		};
/* End PBXVariantGroup section */

/* Begin XCBuildConfiguration section */
		89525BC32A94B4A20059A0D1 /* Debug */ = {
			isa = XCBuildConfiguration;
			buildSettings = {
				CODE_SIGN_STYLE = Automatic;
				CURRENT_PROJECT_VERSION = 1;
				DEVELOPMENT_TEAM = GPG86773UF;
				GENERATE_INFOPLIST_FILE = YES;
				MARKETING_VERSION = 1.0;
				PRODUCT_BUNDLE_IDENTIFIER = com.faiaz.LoginScreenUITests;
				PRODUCT_NAME = "$(TARGET_NAME)";
				SWIFT_EMIT_LOC_STRINGS = NO;
				SWIFT_VERSION = 5.0;
				TARGETED_DEVICE_FAMILY = "1,2";
				TEST_TARGET_NAME = TestingDemo;
			};
			name = Debug;
		};
		89525BC42A94B4A20059A0D1 /* Release */ = {
			isa = XCBuildConfiguration;
			buildSettings = {
				CODE_SIGN_STYLE = Automatic;
				CURRENT_PROJECT_VERSION = 1;
				DEVELOPMENT_TEAM = GPG86773UF;
				GENERATE_INFOPLIST_FILE = YES;
				MARKETING_VERSION = 1.0;
				PRODUCT_BUNDLE_IDENTIFIER = com.faiaz.LoginScreenUITests;
				PRODUCT_NAME = "$(TARGET_NAME)";
				SWIFT_EMIT_LOC_STRINGS = NO;
				SWIFT_VERSION = 5.0;
				TARGETED_DEVICE_FAMILY = "1,2";
				TEST_TARGET_NAME = TestingDemo;
			};
			name = Release;
		};
		898111C62A949BF20002E424 /* Debug */ = {
			isa = XCBuildConfiguration;
			buildSettings = {
				BUNDLE_LOADER = "$(TEST_HOST)";
				CODE_SIGN_STYLE = Automatic;
				CURRENT_PROJECT_VERSION = 1;
				DEVELOPMENT_TEAM = GPG86773UF;
				GENERATE_INFOPLIST_FILE = YES;
				MARKETING_VERSION = 1.0;
				PRODUCT_BUNDLE_IDENTIFIER = com.faiaz.TestingDemoTests;
				PRODUCT_NAME = "$(TARGET_NAME)";
				SWIFT_EMIT_LOC_STRINGS = NO;
				SWIFT_VERSION = 5.0;
				TARGETED_DEVICE_FAMILY = "1,2";
				TEST_HOST = "$(BUILT_PRODUCTS_DIR)/TestingDemo.app/$(BUNDLE_EXECUTABLE_FOLDER_PATH)/TestingDemo";
			};
			name = Debug;
		};
		898111C72A949BF20002E424 /* Release */ = {
			isa = XCBuildConfiguration;
			buildSettings = {
				BUNDLE_LOADER = "$(TEST_HOST)";
				CODE_SIGN_STYLE = Automatic;
				CURRENT_PROJECT_VERSION = 1;
				DEVELOPMENT_TEAM = GPG86773UF;
				GENERATE_INFOPLIST_FILE = YES;
				MARKETING_VERSION = 1.0;
				PRODUCT_BUNDLE_IDENTIFIER = com.faiaz.TestingDemoTests;
				PRODUCT_NAME = "$(TARGET_NAME)";
				SWIFT_EMIT_LOC_STRINGS = NO;
				SWIFT_VERSION = 5.0;
				TARGETED_DEVICE_FAMILY = "1,2";
				TEST_HOST = "$(BUILT_PRODUCTS_DIR)/TestingDemo.app/$(BUNDLE_EXECUTABLE_FOLDER_PATH)/TestingDemo";
			};
			name = Release;
		};
		89F745A22A945D8A0029B6D0 /* Debug */ = {
			isa = XCBuildConfiguration;
			buildSettings = {
				ALWAYS_SEARCH_USER_PATHS = NO;
				CLANG_ANALYZER_NONNULL = YES;
				CLANG_ANALYZER_NUMBER_OBJECT_CONVERSION = YES_AGGRESSIVE;
				CLANG_CXX_LANGUAGE_STANDARD = "gnu++20";
				CLANG_ENABLE_MODULES = YES;
				CLANG_ENABLE_OBJC_ARC = YES;
				CLANG_ENABLE_OBJC_WEAK = YES;
				CLANG_WARN_BLOCK_CAPTURE_AUTORELEASING = YES;
				CLANG_WARN_BOOL_CONVERSION = YES;
				CLANG_WARN_COMMA = YES;
				CLANG_WARN_CONSTANT_CONVERSION = YES;
				CLANG_WARN_DEPRECATED_OBJC_IMPLEMENTATIONS = YES;
				CLANG_WARN_DIRECT_OBJC_ISA_USAGE = YES_ERROR;
				CLANG_WARN_DOCUMENTATION_COMMENTS = YES;
				CLANG_WARN_EMPTY_BODY = YES;
				CLANG_WARN_ENUM_CONVERSION = YES;
				CLANG_WARN_INFINITE_RECURSION = YES;
				CLANG_WARN_INT_CONVERSION = YES;
				CLANG_WARN_NON_LITERAL_NULL_CONVERSION = YES;
				CLANG_WARN_OBJC_IMPLICIT_RETAIN_SELF = YES;
				CLANG_WARN_OBJC_LITERAL_CONVERSION = YES;
				CLANG_WARN_OBJC_ROOT_CLASS = YES_ERROR;
				CLANG_WARN_QUOTED_INCLUDE_IN_FRAMEWORK_HEADER = YES;
				CLANG_WARN_RANGE_LOOP_ANALYSIS = YES;
				CLANG_WARN_STRICT_PROTOTYPES = YES;
				CLANG_WARN_SUSPICIOUS_MOVE = YES;
				CLANG_WARN_UNGUARDED_AVAILABILITY = YES_AGGRESSIVE;
				CLANG_WARN_UNREACHABLE_CODE = YES;
				CLANG_WARN__DUPLICATE_METHOD_MATCH = YES;
				COPY_PHASE_STRIP = NO;
				DEBUG_INFORMATION_FORMAT = dwarf;
				ENABLE_STRICT_OBJC_MSGSEND = YES;
				ENABLE_TESTABILITY = YES;
				GCC_C_LANGUAGE_STANDARD = gnu11;
				GCC_DYNAMIC_NO_PIC = NO;
				GCC_NO_COMMON_BLOCKS = YES;
				GCC_OPTIMIZATION_LEVEL = 0;
				GCC_PREPROCESSOR_DEFINITIONS = (
					"DEBUG=1",
					"$(inherited)",
				);
				GCC_WARN_64_TO_32_BIT_CONVERSION = YES;
				GCC_WARN_ABOUT_RETURN_TYPE = YES_ERROR;
				GCC_WARN_UNDECLARED_SELECTOR = YES;
				GCC_WARN_UNINITIALIZED_AUTOS = YES_AGGRESSIVE;
				GCC_WARN_UNUSED_FUNCTION = YES;
				GCC_WARN_UNUSED_VARIABLE = YES;
				IPHONEOS_DEPLOYMENT_TARGET = 16.4;
				MTL_ENABLE_DEBUG_INFO = INCLUDE_SOURCE;
				MTL_FAST_MATH = YES;
				ONLY_ACTIVE_ARCH = YES;
				SDKROOT = iphoneos;
				SWIFT_ACTIVE_COMPILATION_CONDITIONS = DEBUG;
				SWIFT_OPTIMIZATION_LEVEL = "-Onone";
			};
			name = Debug;
		};
		89F745A32A945D8A0029B6D0 /* Release */ = {
			isa = XCBuildConfiguration;
			buildSettings = {
				ALWAYS_SEARCH_USER_PATHS = NO;
				CLANG_ANALYZER_NONNULL = YES;
				CLANG_ANALYZER_NUMBER_OBJECT_CONVERSION = YES_AGGRESSIVE;
				CLANG_CXX_LANGUAGE_STANDARD = "gnu++20";
				CLANG_ENABLE_MODULES = YES;
				CLANG_ENABLE_OBJC_ARC = YES;
				CLANG_ENABLE_OBJC_WEAK = YES;
				CLANG_WARN_BLOCK_CAPTURE_AUTORELEASING = YES;
				CLANG_WARN_BOOL_CONVERSION = YES;
				CLANG_WARN_COMMA = YES;
				CLANG_WARN_CONSTANT_CONVERSION = YES;
				CLANG_WARN_DEPRECATED_OBJC_IMPLEMENTATIONS = YES;
				CLANG_WARN_DIRECT_OBJC_ISA_USAGE = YES_ERROR;
				CLANG_WARN_DOCUMENTATION_COMMENTS = YES;
				CLANG_WARN_EMPTY_BODY = YES;
				CLANG_WARN_ENUM_CONVERSION = YES;
				CLANG_WARN_INFINITE_RECURSION = YES;
				CLANG_WARN_INT_CONVERSION = YES;
				CLANG_WARN_NON_LITERAL_NULL_CONVERSION = YES;
				CLANG_WARN_OBJC_IMPLICIT_RETAIN_SELF = YES;
				CLANG_WARN_OBJC_LITERAL_CONVERSION = YES;
				CLANG_WARN_OBJC_ROOT_CLASS = YES_ERROR;
				CLANG_WARN_QUOTED_INCLUDE_IN_FRAMEWORK_HEADER = YES;
				CLANG_WARN_RANGE_LOOP_ANALYSIS = YES;
				CLANG_WARN_STRICT_PROTOTYPES = YES;
				CLANG_WARN_SUSPICIOUS_MOVE = YES;
				CLANG_WARN_UNGUARDED_AVAILABILITY = YES_AGGRESSIVE;
				CLANG_WARN_UNREACHABLE_CODE = YES;
				CLANG_WARN__DUPLICATE_METHOD_MATCH = YES;
				COPY_PHASE_STRIP = NO;
				DEBUG_INFORMATION_FORMAT = "dwarf-with-dsym";
				ENABLE_NS_ASSERTIONS = NO;
				ENABLE_STRICT_OBJC_MSGSEND = YES;
				GCC_C_LANGUAGE_STANDARD = gnu11;
				GCC_NO_COMMON_BLOCKS = YES;
				GCC_WARN_64_TO_32_BIT_CONVERSION = YES;
				GCC_WARN_ABOUT_RETURN_TYPE = YES_ERROR;
				GCC_WARN_UNDECLARED_SELECTOR = YES;
				GCC_WARN_UNINITIALIZED_AUTOS = YES_AGGRESSIVE;
				GCC_WARN_UNUSED_FUNCTION = YES;
				GCC_WARN_UNUSED_VARIABLE = YES;
				IPHONEOS_DEPLOYMENT_TARGET = 16.4;
				MTL_ENABLE_DEBUG_INFO = NO;
				MTL_FAST_MATH = YES;
				SDKROOT = iphoneos;
				SWIFT_COMPILATION_MODE = wholemodule;
				SWIFT_OPTIMIZATION_LEVEL = "-O";
				VALIDATE_PRODUCT = YES;
			};
			name = Release;
		};
		89F745A52A945D8A0029B6D0 /* Debug */ = {
			isa = XCBuildConfiguration;
			buildSettings = {
				ASSETCATALOG_COMPILER_APPICON_NAME = AppIcon;
				ASSETCATALOG_COMPILER_GLOBAL_ACCENT_COLOR_NAME = AccentColor;
				CODE_SIGN_STYLE = Automatic;
				CURRENT_PROJECT_VERSION = 1;
				DEVELOPMENT_TEAM = GPG86773UF;
				GENERATE_INFOPLIST_FILE = YES;
				INFOPLIST_FILE = TestingDemo/Info.plist;
				INFOPLIST_KEY_UIApplicationSupportsIndirectInputEvents = YES;
				INFOPLIST_KEY_UILaunchStoryboardName = LaunchScreen;
				INFOPLIST_KEY_UIMainStoryboardFile = Main;
				INFOPLIST_KEY_UISupportedInterfaceOrientations_iPad = "UIInterfaceOrientationPortrait UIInterfaceOrientationPortraitUpsideDown UIInterfaceOrientationLandscapeLeft UIInterfaceOrientationLandscapeRight";
				INFOPLIST_KEY_UISupportedInterfaceOrientations_iPhone = "UIInterfaceOrientationPortrait UIInterfaceOrientationLandscapeLeft UIInterfaceOrientationLandscapeRight";
				LD_RUNPATH_SEARCH_PATHS = (
					"$(inherited)",
					"@executable_path/Frameworks",
				);
				MARKETING_VERSION = 1.0;
				PRODUCT_BUNDLE_IDENTIFIER = com.faiaz.TestingDemo;
				PRODUCT_NAME = "$(TARGET_NAME)";
				SWIFT_EMIT_LOC_STRINGS = YES;
				SWIFT_VERSION = 5.0;
				TARGETED_DEVICE_FAMILY = "1,2";
			};
			name = Debug;
		};
		89F745A62A945D8A0029B6D0 /* Release */ = {
			isa = XCBuildConfiguration;
			buildSettings = {
				ASSETCATALOG_COMPILER_APPICON_NAME = AppIcon;
				ASSETCATALOG_COMPILER_GLOBAL_ACCENT_COLOR_NAME = AccentColor;
				CODE_SIGN_STYLE = Automatic;
				CURRENT_PROJECT_VERSION = 1;
				DEVELOPMENT_TEAM = GPG86773UF;
				GENERATE_INFOPLIST_FILE = YES;
				INFOPLIST_FILE = TestingDemo/Info.plist;
				INFOPLIST_KEY_UIApplicationSupportsIndirectInputEvents = YES;
				INFOPLIST_KEY_UILaunchStoryboardName = LaunchScreen;
				INFOPLIST_KEY_UIMainStoryboardFile = Main;
				INFOPLIST_KEY_UISupportedInterfaceOrientations_iPad = "UIInterfaceOrientationPortrait UIInterfaceOrientationPortraitUpsideDown UIInterfaceOrientationLandscapeLeft UIInterfaceOrientationLandscapeRight";
				INFOPLIST_KEY_UISupportedInterfaceOrientations_iPhone = "UIInterfaceOrientationPortrait UIInterfaceOrientationLandscapeLeft UIInterfaceOrientationLandscapeRight";
				LD_RUNPATH_SEARCH_PATHS = (
					"$(inherited)",
					"@executable_path/Frameworks",
				);
				MARKETING_VERSION = 1.0;
				PRODUCT_BUNDLE_IDENTIFIER = com.faiaz.TestingDemo;
				PRODUCT_NAME = "$(TARGET_NAME)";
				SWIFT_EMIT_LOC_STRINGS = YES;
				SWIFT_VERSION = 5.0;
				TARGETED_DEVICE_FAMILY = "1,2";
			};
			name = Release;
		};
/* End XCBuildConfiguration section */

/* Begin XCConfigurationList section */
		89525BC22A94B4A20059A0D1 /* Build configuration list for PBXNativeTarget "LoginScreenUITests" */ = {
			isa = XCConfigurationList;
			buildConfigurations = (
				89525BC32A94B4A20059A0D1 /* Debug */,
				89525BC42A94B4A20059A0D1 /* Release */,
			);
			defaultConfigurationIsVisible = 0;
			defaultConfigurationName = Release;
		};
		898111C82A949BF20002E424 /* Build configuration list for PBXNativeTarget "TestingDemoTests" */ = {
			isa = XCConfigurationList;
			buildConfigurations = (
				898111C62A949BF20002E424 /* Debug */,
				898111C72A949BF20002E424 /* Release */,
			);
			defaultConfigurationIsVisible = 0;
			defaultConfigurationName = Release;
		};
		89F7458B2A945D890029B6D0 /* Build configuration list for PBXProject "TestingDemo" */ = {
			isa = XCConfigurationList;
			buildConfigurations = (
				89F745A22A945D8A0029B6D0 /* Debug */,
				89F745A32A945D8A0029B6D0 /* Release */,
			);
			defaultConfigurationIsVisible = 0;
			defaultConfigurationName = Release;
		};
		89F745A42A945D8A0029B6D0 /* Build configuration list for PBXNativeTarget "TestingDemo" */ = {
			isa = XCConfigurationList;
			buildConfigurations = (
				89F745A52A945D8A0029B6D0 /* Debug */,
				89F745A62A945D8A0029B6D0 /* Release */,
			);
			defaultConfigurationIsVisible = 0;
			defaultConfigurationName = Release;
		};
/* End XCConfigurationList section */
	};
	rootObject = 89F745882A945D890029B6D0 /* Project object */;
}
